Microsoft Visual Studio Solution File, Format Version 12.00
# Visual Studio Version 17
MinimumVisualStudioVersion = 10.0.40219.1
Project("{8e7e7714-134a-4d23-8dae-d20da92798ec}") = "raw", "raw\raw.csproj", "{12b8c577-3dd5-4634-9334-04983dba2f51}"
EndProject

Global
	GlobalSection(SolutionConfigurationPlatforms) = preSolution
		Debug|Any CPU = Debug|Any CPU
		Release|Any CPU = Release|Any CPU
	EndGlobalSection
	GlobalSection(ProjectConfigurationPlatforms) = postSolution
		{12b8c577-3dd5-4634-9334-04983dba2f51}.Debug|Any CPU.ActiveCfg = Debug|Any CPU
		{12b8c577-3dd5-4634-9334-04983dba2f51}.Debug|Any CPU.Build.0 = Debug|Any CPU
		{12b8c577-3dd5-4634-9334-04983dba2f51}.Release|Any CPU.ActiveCfg = Release|Any CPU
		{12b8c577-3dd5-4634-9334-04983dba2f51}.Release|Any CPU.Build.0 = Release|Any CPU
	EndGlobalSection
EndGlobal
