
Microsoft Visual Studio Solution File, Format Version 12.00
# Visual Studio Version 17
Project("{2150E333-8FDC-42A3-9474-1A3956D46DE8}") = "CMakePredefinedTargets", "CMakePredefinedTargets", "{BFB595FC-4144-3A70-B2EB-C49073E8664A}"
EndProject
Project("{2150E333-8FDC-42A3-9474-1A3956D46DE8}") = "GLFW3", "GLFW3", "{8E2C9DCA-6D07-3525-882C-6EDC5A9A303F}"
EndProject
Project("{2150E333-8FDC-42A3-9474-1A3956D46DE8}") = "Examples", "GLFW3\Examples", "{59C97580-8B3A-3572-8B9B-471ED542B8C7}"
EndProject
Project("{2150E333-8FDC-42A3-9474-1A3956D46DE8}") = "Tests", "GLFW3\Tests", "{7FFB166B-D67F-37E4-9699-A53B8E4522CB}"
EndProject
Project("{8BC9CEB8-8B4A-11D0-8D11-00A0C91BC942}") = "ALL_BUILD", "ALL_BUILD.vcxproj", "{15A3F823-F268-35C9-8122-27486E214DB6}"
	ProjectSection(ProjectDependencies) = postProject
		{69772325-2104-3C0A-B45A-F8748372A510} = {69772325-2104-3C0A-B45A-F8748372A510}
		{4B1CCFA6-AC78-3A11-8DA7-1F4F2D590408} = {4B1CCFA6-AC78-3A11-8DA7-1F4F2D590408}
		{9838E21D-058E-3180-BCE7-CC9323F41F1F} = {9838E21D-058E-3180-BCE7-CC9323F41F1F}
		{844B6D2D-2D87-3B3A-A464-6D88D383A3C9} = {844B6D2D-2D87-3B3A-A464-6D88D383A3C9}
		{CF75AF4D-47DA-30FA-8D32-548D2A996DCA} = {CF75AF4D-47DA-30FA-8D32-548D2A996DCA}
		{C60215D5-C93F-3C7A-9000-20AF00F83028} = {C60215D5-C93F-3C7A-9000-20AF00F83028}
		{63D4392C-D1BB-3839-A21B-4AE15245EBF1} = {63D4392C-D1BB-3839-A21B-4AE15245EBF1}
		{964D76BC-0308-38E7-9CB0-163E7EB20DDD} = {964D76BC-0308-38E7-9CB0-163E7EB20DDD}
		{E11D467C-2A62-32D9-918C-02E2B646A051} = {E11D467C-2A62-32D9-918C-02E2B646A051}
		{E84FCF77-9B65-3328-B6BC-44D0C9114D18} = {E84FCF77-9B65-3328-B6BC-44D0C9114D18}
		{87D98FEB-277B-338E-8AE8-ED8F8A5EDAFC} = {87D98FEB-277B-338E-8AE8-ED8F8A5EDAFC}
		{4DE1CB60-6CD9-34BA-94F5-E4ED784D986A} = {4DE1CB60-6CD9-34BA-94F5-E4ED784D986A}
		{3759FD62-7029-38F8-B504-DDC37D65B218} = {3759FD62-7029-38F8-B504-DDC37D65B218}
		{A9E0929A-CF14-371C-B160-98274FF1A45C} = {A9E0929A-CF14-371C-B160-98274FF1A45C}
		{85155BF8-B3E0-3CC0-A175-F864DABDB0AA} = {85155BF8-B3E0-3CC0-A175-F864DABDB0AA}
		{16995B6F-81BA-3745-AF97-05211DE2C1B0} = {16995B6F-81BA-3745-AF97-05211DE2C1B0}
		{1570B6A3-3100-302A-B227-397B7B8C3D88} = {1570B6A3-3100-302A-B227-397B7B8C3D88}
		{76C82935-43BE-327D-A9D2-BB773CEF703D} = {76C82935-43BE-327D-A9D2-BB773CEF703D}
		{C730CDD4-DD9D-33D4-A5F9-D91AB9F522A0} = {C730CDD4-DD9D-33D4-A5F9-D91AB9F522A0}
		{BAA66819-F3F9-35DD-A59F-7249DCFE8C98} = {BAA66819-F3F9-35DD-A59F-7249DCFE8C98}
		{2A486B2A-5054-3EB3-9E1B-83036D10DF23} = {2A486B2A-5054-3EB3-9E1B-83036D10DF23}
		{9447D7A6-C996-39E3-B6D6-FE5FE9395415} = {9447D7A6-C996-39E3-B6D6-FE5FE9395415}
		{6AA838F2-C08E-302A-A08F-631A1406A097} = {6AA838F2-C08E-302A-A08F-631A1406A097}
		{8000A22A-3FAF-30A2-AAE1-24B681775875} = {8000A22A-3FAF-30A2-AAE1-24B681775875}
		{0024ED38-BE74-3432-801E-EAD9BF464A5D} = {0024ED38-BE74-3432-801E-EAD9BF464A5D}
		{2DF16135-5938-3247-8FAE-BBC0B47F57B9} = {2DF16135-5938-3247-8FAE-BBC0B47F57B9}
		{2D5393A4-6C03-3CCC-AAD6-8ABA785098E5} = {2D5393A4-6C03-3CCC-AAD6-8ABA785098E5}
		{6522142F-97A8-3736-BBE9-216AA81A64C4} = {6522142F-97A8-3736-BBE9-216AA81A64C4}
		{96741C4E-EF64-3017-B48A-559D22DD0310} = {96741C4E-EF64-3017-B48A-559D22DD0310}
		{0B025578-F0C4-3E27-9BCF-BF2F6AF69FF6} = {0B025578-F0C4-3E27-9BCF-BF2F6AF69FF6}
		{341B71CB-0248-30C5-9E03-A898DBE30C78} = {341B71CB-0248-30C5-9E03-A898DBE30C78}
	EndProjectSection
EndProject
Project("{8BC9CEB8-8B4A-11D0-8D11-00A0C91BC942}") = "INSTALL", "INSTALL.vcxproj", "{09391926-CDF4-33A2-9706-5E9F4CB9BE07}"
	ProjectSection(ProjectDependencies) = postProject
		{15A3F823-F268-35C9-8122-27486E214DB6} = {15A3F823-F268-35C9-8122-27486E214DB6}
		{69772325-2104-3C0A-B45A-F8748372A510} = {69772325-2104-3C0A-B45A-F8748372A510}
	EndProjectSection
EndProject
Project("{8BC9CEB8-8B4A-11D0-8D11-00A0C91BC942}") = "ZERO_CHECK", "ZERO_CHECK.vcxproj", "{69772325-2104-3C0A-B45A-F8748372A510}"
	ProjectSection(ProjectDependencies) = postProject
	EndProjectSection
EndProject
Project("{8BC9CEB8-8B4A-11D0-8D11-00A0C91BC942}") = "boing", "examples\boing.vcxproj", "{4B1CCFA6-AC78-3A11-8DA7-1F4F2D590408}"
	ProjectSection(ProjectDependencies) = postProject
		{69772325-2104-3C0A-B45A-F8748372A510} = {69772325-2104-3C0A-B45A-F8748372A510}
		{E11D467C-2A62-32D9-918C-02E2B646A051} = {E11D467C-2A62-32D9-918C-02E2B646A051}
	EndProjectSection
EndProject
Project("{8BC9CEB8-8B4A-11D0-8D11-00A0C91BC942}") = "clipboard", "tests\clipboard.vcxproj", "{9838E21D-058E-3180-BCE7-CC9323F41F1F}"
	ProjectSection(ProjectDependencies) = postProject
		{69772325-2104-3C0A-B45A-F8748372A510} = {69772325-2104-3C0A-B45A-F8748372A510}
		{E11D467C-2A62-32D9-918C-02E2B646A051} = {E11D467C-2A62-32D9-918C-02E2B646A051}
	EndProjectSection
EndProject
Project("{8BC9CEB8-8B4A-11D0-8D11-00A0C91BC942}") = "cursor", "tests\cursor.vcxproj", "{844B6D2D-2D87-3B3A-A464-6D88D383A3C9}"
	ProjectSection(ProjectDependencies) = postProject
		{69772325-2104-3C0A-B45A-F8748372A510} = {69772325-2104-3C0A-B45A-F8748372A510}
		{E11D467C-2A62-32D9-918C-02E2B646A051} = {E11D467C-2A62-32D9-918C-02E2B646A051}
	EndProjectSection
EndProject
Project("{8BC9CEB8-8B4A-11D0-8D11-00A0C91BC942}") = "empty", "tests\empty.vcxproj", "{CF75AF4D-47DA-30FA-8D32-548D2A996DCA}"
	ProjectSection(ProjectDependencies) = postProject
		{69772325-2104-3C0A-B45A-F8748372A510} = {69772325-2104-3C0A-B45A-F8748372A510}
		{E11D467C-2A62-32D9-918C-02E2B646A051} = {E11D467C-2A62-32D9-918C-02E2B646A051}
	EndProjectSection
EndProject
Project("{8BC9CEB8-8B4A-11D0-8D11-00A0C91BC942}") = "events", "tests\events.vcxproj", "{C60215D5-C93F-3C7A-9000-20AF00F83028}"
	ProjectSection(ProjectDependencies) = postProject
		{69772325-2104-3C0A-B45A-F8748372A510} = {69772325-2104-3C0A-B45A-F8748372A510}
		{E11D467C-2A62-32D9-918C-02E2B646A051} = {E11D467C-2A62-32D9-918C-02E2B646A051}
	EndProjectSection
EndProject
Project("{8BC9CEB8-8B4A-11D0-8D11-00A0C91BC942}") = "gamma", "tests\gamma.vcxproj", "{63D4392C-D1BB-3839-A21B-4AE15245EBF1}"
	ProjectSection(ProjectDependencies) = postProject
		{69772325-2104-3C0A-B45A-F8748372A510} = {69772325-2104-3C0A-B45A-F8748372A510}
		{E11D467C-2A62-32D9-918C-02E2B646A051} = {E11D467C-2A62-32D9-918C-02E2B646A051}
	EndProjectSection
EndProject
Project("{8BC9CEB8-8B4A-11D0-8D11-00A0C91BC942}") = "gears", "examples\gears.vcxproj", "{964D76BC-0308-38E7-9CB0-163E7EB20DDD}"
	ProjectSection(ProjectDependencies) = postProject
		{69772325-2104-3C0A-B45A-F8748372A510} = {69772325-2104-3C0A-B45A-F8748372A510}
		{E11D467C-2A62-32D9-918C-02E2B646A051} = {E11D467C-2A62-32D9-918C-02E2B646A051}
	EndProjectSection
EndProject
Project("{8BC9CEB8-8B4A-11D0-8D11-00A0C91BC942}") = "glfw", "src\glfw.vcxproj", "{E11D467C-2A62-32D9-918C-02E2B646A051}"
	ProjectSection(ProjectDependencies) = postProject
		{69772325-2104-3C0A-B45A-F8748372A510} = {69772325-2104-3C0A-B45A-F8748372A510}
	EndProjectSection
EndProject
Project("{8BC9CEB8-8B4A-11D0-8D11-00A0C91BC942}") = "glfwinfo", "tests\glfwinfo.vcxproj", "{E84FCF77-9B65-3328-B6BC-44D0C9114D18}"
	ProjectSection(ProjectDependencies) = postProject
		{69772325-2104-3C0A-B45A-F8748372A510} = {69772325-2104-3C0A-B45A-F8748372A510}
		{E11D467C-2A62-32D9-918C-02E2B646A051} = {E11D467C-2A62-32D9-918C-02E2B646A051}
	EndProjectSection
EndProject
Project("{8BC9CEB8-8B4A-11D0-8D11-00A0C91BC942}") = "heightmap", "examples\heightmap.vcxproj", "{87D98FEB-277B-338E-8AE8-ED8F8A5EDAFC}"
	ProjectSection(ProjectDependencies) = postProject
		{69772325-2104-3C0A-B45A-F8748372A510} = {69772325-2104-3C0A-B45A-F8748372A510}
		{E11D467C-2A62-32D9-918C-02E2B646A051} = {E11D467C-2A62-32D9-918C-02E2B646A051}
	EndProjectSection
EndProject
Project("{8BC9CEB8-8B4A-11D0-8D11-00A0C91BC942}") = "icon", "tests\icon.vcxproj", "{4DE1CB60-6CD9-34BA-94F5-E4ED784D986A}"
	ProjectSection(ProjectDependencies) = postProject
		{69772325-2104-3C0A-B45A-F8748372A510} = {69772325-2104-3C0A-B45A-F8748372A510}
		{E11D467C-2A62-32D9-918C-02E2B646A051} = {E11D467C-2A62-32D9-918C-02E2B646A051}
	EndProjectSection
EndProject
Project("{8BC9CEB8-8B4A-11D0-8D11-00A0C91BC942}") = "iconify", "tests\iconify.vcxproj", "{3759FD62-7029-38F8-B504-DDC37D65B218}"
	ProjectSection(ProjectDependencies) = postProject
		{69772325-2104-3C0A-B45A-F8748372A510} = {69772325-2104-3C0A-B45A-F8748372A510}
		{E11D467C-2A62-32D9-918C-02E2B646A051} = {E11D467C-2A62-32D9-918C-02E2B646A051}
	EndProjectSection
EndProject
Project("{8BC9CEB8-8B4A-11D0-8D11-00A0C91BC942}") = "inputlag", "tests\inputlag.vcxproj", "{A9E0929A-CF14-371C-B160-98274FF1A45C}"
	ProjectSection(ProjectDependencies) = postProject
		{69772325-2104-3C0A-B45A-F8748372A510} = {69772325-2104-3C0A-B45A-F8748372A510}
		{E11D467C-2A62-32D9-918C-02E2B646A051} = {E11D467C-2A62-32D9-918C-02E2B646A051}
	EndProjectSection
EndProject
Project("{8BC9CEB8-8B4A-11D0-8D11-00A0C91BC942}") = "joysticks", "tests\joysticks.vcxproj", "{85155BF8-B3E0-3CC0-A175-F864DABDB0AA}"
	ProjectSection(ProjectDependencies) = postProject
		{69772325-2104-3C0A-B45A-F8748372A510} = {69772325-2104-3C0A-B45A-F8748372A510}
		{E11D467C-2A62-32D9-918C-02E2B646A051} = {E11D467C-2A62-32D9-918C-02E2B646A051}
	EndProjectSection
EndProject
Project("{8BC9CEB8-8B4A-11D0-8D11-00A0C91BC942}") = "monitors", "tests\monitors.vcxproj", "{16995B6F-81BA-3745-AF97-05211DE2C1B0}"
	ProjectSection(ProjectDependencies) = postProject
		{69772325-2104-3C0A-B45A-F8748372A510} = {69772325-2104-3C0A-B45A-F8748372A510}
		{E11D467C-2A62-32D9-918C-02E2B646A051} = {E11D467C-2A62-32D9-918C-02E2B646A051}
	EndProjectSection
EndProject
Project("{8BC9CEB8-8B4A-11D0-8D11-00A0C91BC942}") = "msaa", "tests\msaa.vcxproj", "{1570B6A3-3100-302A-B227-397B7B8C3D88}"
	ProjectSection(ProjectDependencies) = postProject
		{69772325-2104-3C0A-B45A-F8748372A510} = {69772325-2104-3C0A-B45A-F8748372A510}
		{E11D467C-2A62-32D9-918C-02E2B646A051} = {E11D467C-2A62-32D9-918C-02E2B646A051}
	EndProjectSection
EndProject
Project("{8BC9CEB8-8B4A-11D0-8D11-00A0C91BC942}") = "offscreen", "examples\offscreen.vcxproj", "{76C82935-43BE-327D-A9D2-BB773CEF703D}"
	ProjectSection(ProjectDependencies) = postProject
		{69772325-2104-3C0A-B45A-F8748372A510} = {69772325-2104-3C0A-B45A-F8748372A510}
		{E11D467C-2A62-32D9-918C-02E2B646A051} = {E11D467C-2A62-32D9-918C-02E2B646A051}
	EndProjectSection
EndProject
Project("{8BC9CEB8-8B4A-11D0-8D11-00A0C91BC942}") = "opacity", "tests\opacity.vcxproj", "{C730CDD4-DD9D-33D4-A5F9-D91AB9F522A0}"
	ProjectSection(ProjectDependencies) = postProject
		{69772325-2104-3C0A-B45A-F8748372A510} = {69772325-2104-3C0A-B45A-F8748372A510}
		{E11D467C-2A62-32D9-918C-02E2B646A051} = {E11D467C-2A62-32D9-918C-02E2B646A051}
	EndProjectSection
EndProject
Project("{8BC9CEB8-8B4A-11D0-8D11-00A0C91BC942}") = "particles", "examples\particles.vcxproj", "{BAA66819-F3F9-35DD-A59F-7249DCFE8C98}"
	ProjectSection(ProjectDependencies) = postProject
		{69772325-2104-3C0A-B45A-F8748372A510} = {69772325-2104-3C0A-B45A-F8748372A510}
		{E11D467C-2A62-32D9-918C-02E2B646A051} = {E11D467C-2A62-32D9-918C-02E2B646A051}
	EndProjectSection
EndProject
Project("{8BC9CEB8-8B4A-11D0-8D11-00A0C91BC942}") = "reopen", "tests\reopen.vcxproj", "{2A486B2A-5054-3EB3-9E1B-83036D10DF23}"
	ProjectSection(ProjectDependencies) = postProject
		{69772325-2104-3C0A-B45A-F8748372A510} = {69772325-2104-3C0A-B45A-F8748372A510}
		{E11D467C-2A62-32D9-918C-02E2B646A051} = {E11D467C-2A62-32D9-918C-02E2B646A051}
	EndProjectSection
EndProject
Project("{8BC9CEB8-8B4A-11D0-8D11-00A0C91BC942}") = "sharing", "examples\sharing.vcxproj", "{9447D7A6-C996-39E3-B6D6-FE5FE9395415}"
	ProjectSection(ProjectDependencies) = postProject
		{69772325-2104-3C0A-B45A-F8748372A510} = {69772325-2104-3C0A-B45A-F8748372A510}
		{E11D467C-2A62-32D9-918C-02E2B646A051} = {E11D467C-2A62-32D9-918C-02E2B646A051}
	EndProjectSection
EndProject
Project("{8BC9CEB8-8B4A-11D0-8D11-00A0C91BC942}") = "simple", "examples\simple.vcxproj", "{6AA838F2-C08E-302A-A08F-631A1406A097}"
	ProjectSection(ProjectDependencies) = postProject
		{69772325-2104-3C0A-B45A-F8748372A510} = {69772325-2104-3C0A-B45A-F8748372A510}
		{E11D467C-2A62-32D9-918C-02E2B646A051} = {E11D467C-2A62-32D9-918C-02E2B646A051}
	EndProjectSection
EndProject
Project("{8BC9CEB8-8B4A-11D0-8D11-00A0C91BC942}") = "splitview", "examples\splitview.vcxproj", "{8000A22A-3FAF-30A2-AAE1-24B681775875}"
	ProjectSection(ProjectDependencies) = postProject
		{69772325-2104-3C0A-B45A-F8748372A510} = {69772325-2104-3C0A-B45A-F8748372A510}
		{E11D467C-2A62-32D9-918C-02E2B646A051} = {E11D467C-2A62-32D9-918C-02E2B646A051}
	EndProjectSection
EndProject
Project("{8BC9CEB8-8B4A-11D0-8D11-00A0C91BC942}") = "tearing", "tests\tearing.vcxproj", "{0024ED38-BE74-3432-801E-EAD9BF464A5D}"
	ProjectSection(ProjectDependencies) = postProject
		{69772325-2104-3C0A-B45A-F8748372A510} = {69772325-2104-3C0A-B45A-F8748372A510}
		{E11D467C-2A62-32D9-918C-02E2B646A051} = {E11D467C-2A62-32D9-918C-02E2B646A051}
	EndProjectSection
EndProject
Project("{8BC9CEB8-8B4A-11D0-8D11-00A0C91BC942}") = "threads", "tests\threads.vcxproj", "{2DF16135-5938-3247-8FAE-BBC0B47F57B9}"
	ProjectSection(ProjectDependencies) = postProject
		{69772325-2104-3C0A-B45A-F8748372A510} = {69772325-2104-3C0A-B45A-F8748372A510}
		{E11D467C-2A62-32D9-918C-02E2B646A051} = {E11D467C-2A62-32D9-918C-02E2B646A051}
	EndProjectSection
EndProject
Project("{8BC9CEB8-8B4A-11D0-8D11-00A0C91BC942}") = "timeout", "tests\timeout.vcxproj", "{2D5393A4-6C03-3CCC-AAD6-8ABA785098E5}"
	ProjectSection(ProjectDependencies) = postProject
		{69772325-2104-3C0A-B45A-F8748372A510} = {69772325-2104-3C0A-B45A-F8748372A510}
		{E11D467C-2A62-32D9-918C-02E2B646A051} = {E11D467C-2A62-32D9-918C-02E2B646A051}
	EndProjectSection
EndProject
Project("{8BC9CEB8-8B4A-11D0-8D11-00A0C91BC942}") = "title", "tests\title.vcxproj", "{6522142F-97A8-3736-BBE9-216AA81A64C4}"
	ProjectSection(ProjectDependencies) = postProject
		{69772325-2104-3C0A-B45A-F8748372A510} = {69772325-2104-3C0A-B45A-F8748372A510}
		{E11D467C-2A62-32D9-918C-02E2B646A051} = {E11D467C-2A62-32D9-918C-02E2B646A051}
	EndProjectSection
EndProject
Project("{8BC9CEB8-8B4A-11D0-8D11-00A0C91BC942}") = "triangle-vulkan", "tests\triangle-vulkan.vcxproj", "{96741C4E-EF64-3017-B48A-559D22DD0310}"
	ProjectSection(ProjectDependencies) = postProject
		{69772325-2104-3C0A-B45A-F8748372A510} = {69772325-2104-3C0A-B45A-F8748372A510}
		{E11D467C-2A62-32D9-918C-02E2B646A051} = {E11D467C-2A62-32D9-918C-02E2B646A051}
	EndProjectSection
EndProject
Project("{8BC9CEB8-8B4A-11D0-8D11-00A0C91BC942}") = "uninstall", "uninstall.vcxproj", "{BE09318D-5A74-34BC-9CF8-04D34E0D4FCD}"
	ProjectSection(ProjectDependencies) = postProject
		{69772325-2104-3C0A-B45A-F8748372A510} = {69772325-2104-3C0A-B45A-F8748372A510}
	EndProjectSection
EndProject
Project("{8BC9CEB8-8B4A-11D0-8D11-00A0C91BC942}") = "update_mappings", "src\update_mappings.vcxproj", "{3981B598-4A1D-3984-967A-5ED3B8CEF193}"
	ProjectSection(ProjectDependencies) = postProject
		{69772325-2104-3C0A-B45A-F8748372A510} = {69772325-2104-3C0A-B45A-F8748372A510}
	EndProjectSection
EndProject
Project("{8BC9CEB8-8B4A-11D0-8D11-00A0C91BC942}") = "wave", "examples\wave.vcxproj", "{0B025578-F0C4-3E27-9BCF-BF2F6AF69FF6}"
	ProjectSection(ProjectDependencies) = postProject
		{69772325-2104-3C0A-B45A-F8748372A510} = {69772325-2104-3C0A-B45A-F8748372A510}
		{E11D467C-2A62-32D9-918C-02E2B646A051} = {E11D467C-2A62-32D9-918C-02E2B646A051}
	EndProjectSection
EndProject
Project("{8BC9CEB8-8B4A-11D0-8D11-00A0C91BC942}") = "windows", "tests\windows.vcxproj", "{341B71CB-0248-30C5-9E03-A898DBE30C78}"
	ProjectSection(ProjectDependencies) = postProject
		{69772325-2104-3C0A-B45A-F8748372A510} = {69772325-2104-3C0A-B45A-F8748372A510}
		{E11D467C-2A62-32D9-918C-02E2B646A051} = {E11D467C-2A62-32D9-918C-02E2B646A051}
	EndProjectSection
EndProject
Global
	GlobalSection(SolutionConfigurationPlatforms) = preSolution
		Debug|x64 = Debug|x64
		Release|x64 = Release|x64
		MinSizeRel|x64 = MinSizeRel|x64
		RelWithDebInfo|x64 = RelWithDebInfo|x64
	EndGlobalSection
	GlobalSection(ProjectConfigurationPlatforms) = postSolution
		{15A3F823-F268-35C9-8122-27486E214DB6}.Debug|x64.ActiveCfg = Debug|x64
		{15A3F823-F268-35C9-8122-27486E214DB6}.Debug|x64.Build.0 = Debug|x64
		{15A3F823-F268-35C9-8122-27486E214DB6}.Release|x64.ActiveCfg = Release|x64
		{15A3F823-F268-35C9-8122-27486E214DB6}.Release|x64.Build.0 = Release|x64
		{15A3F823-F268-35C9-8122-27486E214DB6}.MinSizeRel|x64.ActiveCfg = MinSizeRel|x64
		{15A3F823-F268-35C9-8122-27486E214DB6}.MinSizeRel|x64.Build.0 = MinSizeRel|x64
		{15A3F823-F268-35C9-8122-27486E214DB6}.RelWithDebInfo|x64.ActiveCfg = RelWithDebInfo|x64
		{15A3F823-F268-35C9-8122-27486E214DB6}.RelWithDebInfo|x64.Build.0 = RelWithDebInfo|x64
		{09391926-CDF4-33A2-9706-5E9F4CB9BE07}.Debug|x64.ActiveCfg = Debug|x64
		{09391926-CDF4-33A2-9706-5E9F4CB9BE07}.Release|x64.ActiveCfg = Release|x64
		{09391926-CDF4-33A2-9706-5E9F4CB9BE07}.MinSizeRel|x64.ActiveCfg = MinSizeRel|x64
		{09391926-CDF4-33A2-9706-5E9F4CB9BE07}.RelWithDebInfo|x64.ActiveCfg = RelWithDebInfo|x64
		{69772325-2104-3C0A-B45A-F8748372A510}.Debug|x64.ActiveCfg = Debug|x64
		{69772325-2104-3C0A-B45A-F8748372A510}.Debug|x64.Build.0 = Debug|x64
		{69772325-2104-3C0A-B45A-F8748372A510}.Release|x64.ActiveCfg = Release|x64
		{69772325-2104-3C0A-B45A-F8748372A510}.Release|x64.Build.0 = Release|x64
		{69772325-2104-3C0A-B45A-F8748372A510}.MinSizeRel|x64.ActiveCfg = MinSizeRel|x64
		{69772325-2104-3C0A-B45A-F8748372A510}.MinSizeRel|x64.Build.0 = MinSizeRel|x64
		{69772325-2104-3C0A-B45A-F8748372A510}.RelWithDebInfo|x64.ActiveCfg = RelWithDebInfo|x64
		{69772325-2104-3C0A-B45A-F8748372A510}.RelWithDebInfo|x64.Build.0 = RelWithDebInfo|x64
		{4B1CCFA6-AC78-3A11-8DA7-1F4F2D590408}.Debug|x64.ActiveCfg = Debug|x64
		{4B1CCFA6-AC78-3A11-8DA7-1F4F2D590408}.Debug|x64.Build.0 = Debug|x64
		{4B1CCFA6-AC78-3A11-8DA7-1F4F2D590408}.Release|x64.ActiveCfg = Release|x64
		{4B1CCFA6-AC78-3A11-8DA7-1F4F2D590408}.Release|x64.Build.0 = Release|x64
		{4B1CCFA6-AC78-3A11-8DA7-1F4F2D590408}.MinSizeRel|x64.ActiveCfg = MinSizeRel|x64
		{4B1CCFA6-AC78-3A11-8DA7-1F4F2D590408}.MinSizeRel|x64.Build.0 = MinSizeRel|x64
		{4B1CCFA6-AC78-3A11-8DA7-1F4F2D590408}.RelWithDebInfo|x64.ActiveCfg = RelWithDebInfo|x64
		{4B1CCFA6-AC78-3A11-8DA7-1F4F2D590408}.RelWithDebInfo|x64.Build.0 = RelWithDebInfo|x64
		{9838E21D-058E-3180-BCE7-CC9323F41F1F}.Debug|x64.ActiveCfg = Debug|x64
		{9838E21D-058E-3180-BCE7-CC9323F41F1F}.Debug|x64.Build.0 = Debug|x64
		{9838E21D-058E-3180-BCE7-CC9323F41F1F}.Release|x64.ActiveCfg = Release|x64
		{9838E21D-058E-3180-BCE7-CC9323F41F1F}.Release|x64.Build.0 = Release|x64
		{9838E21D-058E-3180-BCE7-CC9323F41F1F}.MinSizeRel|x64.ActiveCfg = MinSizeRel|x64
		{9838E21D-058E-3180-BCE7-CC9323F41F1F}.MinSizeRel|x64.Build.0 = MinSizeRel|x64
		{9838E21D-058E-3180-BCE7-CC9323F41F1F}.RelWithDebInfo|x64.ActiveCfg = RelWithDebInfo|x64
		{9838E21D-058E-3180-BCE7-CC9323F41F1F}.RelWithDebInfo|x64.Build.0 = RelWithDebInfo|x64
		{844B6D2D-2D87-3B3A-A464-6D88D383A3C9}.Debug|x64.ActiveCfg = Debug|x64
		{844B6D2D-2D87-3B3A-A464-6D88D383A3C9}.Debug|x64.Build.0 = Debug|x64
		{844B6D2D-2D87-3B3A-A464-6D88D383A3C9}.Release|x64.ActiveCfg = Release|x64
		{844B6D2D-2D87-3B3A-A464-6D88D383A3C9}.Release|x64.Build.0 = Release|x64
		{844B6D2D-2D87-3B3A-A464-6D88D383A3C9}.MinSizeRel|x64.ActiveCfg = MinSizeRel|x64
		{844B6D2D-2D87-3B3A-A464-6D88D383A3C9}.MinSizeRel|x64.Build.0 = MinSizeRel|x64
		{844B6D2D-2D87-3B3A-A464-6D88D383A3C9}.RelWithDebInfo|x64.ActiveCfg = RelWithDebInfo|x64
		{844B6D2D-2D87-3B3A-A464-6D88D383A3C9}.RelWithDebInfo|x64.Build.0 = RelWithDebInfo|x64
		{CF75AF4D-47DA-30FA-8D32-548D2A996DCA}.Debug|x64.ActiveCfg = Debug|x64
		{CF75AF4D-47DA-30FA-8D32-548D2A996DCA}.Debug|x64.Build.0 = Debug|x64
		{CF75AF4D-47DA-30FA-8D32-548D2A996DCA}.Release|x64.ActiveCfg = Release|x64
		{CF75AF4D-47DA-30FA-8D32-548D2A996DCA}.Release|x64.Build.0 = Release|x64
		{CF75AF4D-47DA-30FA-8D32-548D2A996DCA}.MinSizeRel|x64.ActiveCfg = MinSizeRel|x64
		{CF75AF4D-47DA-30FA-8D32-548D2A996DCA}.MinSizeRel|x64.Build.0 = MinSizeRel|x64
		{CF75AF4D-47DA-30FA-8D32-548D2A996DCA}.RelWithDebInfo|x64.ActiveCfg = RelWithDebInfo|x64
		{CF75AF4D-47DA-30FA-8D32-548D2A996DCA}.RelWithDebInfo|x64.Build.0 = RelWithDebInfo|x64
		{C60215D5-C93F-3C7A-9000-20AF00F83028}.Debug|x64.ActiveCfg = Debug|x64
		{C60215D5-C93F-3C7A-9000-20AF00F83028}.Debug|x64.Build.0 = Debug|x64
		{C60215D5-C93F-3C7A-9000-20AF00F83028}.Release|x64.ActiveCfg = Release|x64
		{C60215D5-C93F-3C7A-9000-20AF00F83028}.Release|x64.Build.0 = Release|x64
		{C60215D5-C93F-3C7A-9000-20AF00F83028}.MinSizeRel|x64.ActiveCfg = MinSizeRel|x64
		{C60215D5-C93F-3C7A-9000-20AF00F83028}.MinSizeRel|x64.Build.0 = MinSizeRel|x64
		{C60215D5-C93F-3C7A-9000-20AF00F83028}.RelWithDebInfo|x64.ActiveCfg = RelWithDebInfo|x64
		{C60215D5-C93F-3C7A-9000-20AF00F83028}.RelWithDebInfo|x64.Build.0 = RelWithDebInfo|x64
		{63D4392C-D1BB-3839-A21B-4AE15245EBF1}.Debug|x64.ActiveCfg = Debug|x64
		{63D4392C-D1BB-3839-A21B-4AE15245EBF1}.Debug|x64.Build.0 = Debug|x64
		{63D4392C-D1BB-3839-A21B-4AE15245EBF1}.Release|x64.ActiveCfg = Release|x64
		{63D4392C-D1BB-3839-A21B-4AE15245EBF1}.Release|x64.Build.0 = Release|x64
		{63D4392C-D1BB-3839-A21B-4AE15245EBF1}.MinSizeRel|x64.ActiveCfg = MinSizeRel|x64
		{63D4392C-D1BB-3839-A21B-4AE15245EBF1}.MinSizeRel|x64.Build.0 = MinSizeRel|x64
		{63D4392C-D1BB-3839-A21B-4AE15245EBF1}.RelWithDebInfo|x64.ActiveCfg = RelWithDebInfo|x64
		{63D4392C-D1BB-3839-A21B-4AE15245EBF1}.RelWithDebInfo|x64.Build.0 = RelWithDebInfo|x64
		{964D76BC-0308-38E7-9CB0-163E7EB20DDD}.Debug|x64.ActiveCfg = Debug|x64
		{964D76BC-0308-38E7-9CB0-163E7EB20DDD}.Debug|x64.Build.0 = Debug|x64
		{964D76BC-0308-38E7-9CB0-163E7EB20DDD}.Release|x64.ActiveCfg = Release|x64
		{964D76BC-0308-38E7-9CB0-163E7EB20DDD}.Release|x64.Build.0 = Release|x64
		{964D76BC-0308-38E7-9CB0-163E7EB20DDD}.MinSizeRel|x64.ActiveCfg = MinSizeRel|x64
		{964D76BC-0308-38E7-9CB0-163E7EB20DDD}.MinSizeRel|x64.Build.0 = MinSizeRel|x64
		{964D76BC-0308-38E7-9CB0-163E7EB20DDD}.RelWithDebInfo|x64.ActiveCfg = RelWithDebInfo|x64
		{964D76BC-0308-38E7-9CB0-163E7EB20DDD}.RelWithDebInfo|x64.Build.0 = RelWithDebInfo|x64
		{E11D467C-2A62-32D9-918C-02E2B646A051}.Debug|x64.ActiveCfg = Debug|x64
		{E11D467C-2A62-32D9-918C-02E2B646A051}.Debug|x64.Build.0 = Debug|x64
		{E11D467C-2A62-32D9-918C-02E2B646A051}.Release|x64.ActiveCfg = Release|x64
		{E11D467C-2A62-32D9-918C-02E2B646A051}.Release|x64.Build.0 = Release|x64
		{E11D467C-2A62-32D9-918C-02E2B646A051}.MinSizeRel|x64.ActiveCfg = MinSizeRel|x64
		{E11D467C-2A62-32D9-918C-02E2B646A051}.MinSizeRel|x64.Build.0 = MinSizeRel|x64
		{E11D467C-2A62-32D9-918C-02E2B646A051}.RelWithDebInfo|x64.ActiveCfg = RelWithDebInfo|x64
		{E11D467C-2A62-32D9-918C-02E2B646A051}.RelWithDebInfo|x64.Build.0 = RelWithDebInfo|x64
		{E84FCF77-9B65-3328-B6BC-44D0C9114D18}.Debug|x64.ActiveCfg = Debug|x64
		{E84FCF77-9B65-3328-B6BC-44D0C9114D18}.Debug|x64.Build.0 = Debug|x64
		{E84FCF77-9B65-3328-B6BC-44D0C9114D18}.Release|x64.ActiveCfg = Release|x64
		{E84FCF77-9B65-3328-B6BC-44D0C9114D18}.Release|x64.Build.0 = Release|x64
		{E84FCF77-9B65-3328-B6BC-44D0C9114D18}.MinSizeRel|x64.ActiveCfg = MinSizeRel|x64
		{E84FCF77-9B65-3328-B6BC-44D0C9114D18}.MinSizeRel|x64.Build.0 = MinSizeRel|x64
		{E84FCF77-9B65-3328-B6BC-44D0C9114D18}.RelWithDebInfo|x64.ActiveCfg = RelWithDebInfo|x64
		{E84FCF77-9B65-3328-B6BC-44D0C9114D18}.RelWithDebInfo|x64.Build.0 = RelWithDebInfo|x64
		{87D98FEB-277B-338E-8AE8-ED8F8A5EDAFC}.Debug|x64.ActiveCfg = Debug|x64
		{87D98FEB-277B-338E-8AE8-ED8F8A5EDAFC}.Debug|x64.Build.0 = Debug|x64
		{87D98FEB-277B-338E-8AE8-ED8F8A5EDAFC}.Release|x64.ActiveCfg = Release|x64
		{87D98FEB-277B-338E-8AE8-ED8F8A5EDAFC}.Release|x64.Build.0 = Release|x64
		{87D98FEB-277B-338E-8AE8-ED8F8A5EDAFC}.MinSizeRel|x64.ActiveCfg = MinSizeRel|x64
		{87D98FEB-277B-338E-8AE8-ED8F8A5EDAFC}.MinSizeRel|x64.Build.0 = MinSizeRel|x64
		{87D98FEB-277B-338E-8AE8-ED8F8A5EDAFC}.RelWithDebInfo|x64.ActiveCfg = RelWithDebInfo|x64
		{87D98FEB-277B-338E-8AE8-ED8F8A5EDAFC}.RelWithDebInfo|x64.Build.0 = RelWithDebInfo|x64
		{4DE1CB60-6CD9-34BA-94F5-E4ED784D986A}.Debug|x64.ActiveCfg = Debug|x64
		{4DE1CB60-6CD9-34BA-94F5-E4ED784D986A}.Debug|x64.Build.0 = Debug|x64
		{4DE1CB60-6CD9-34BA-94F5-E4ED784D986A}.Release|x64.ActiveCfg = Release|x64
		{4DE1CB60-6CD9-34BA-94F5-E4ED784D986A}.Release|x64.Build.0 = Release|x64
		{4DE1CB60-6CD9-34BA-94F5-E4ED784D986A}.MinSizeRel|x64.ActiveCfg = MinSizeRel|x64
		{4DE1CB60-6CD9-34BA-94F5-E4ED784D986A}.MinSizeRel|x64.Build.0 = MinSizeRel|x64
		{4DE1CB60-6CD9-34BA-94F5-E4ED784D986A}.RelWithDebInfo|x64.ActiveCfg = RelWithDebInfo|x64
		{4DE1CB60-6CD9-34BA-94F5-E4ED784D986A}.RelWithDebInfo|x64.Build.0 = RelWithDebInfo|x64
		{3759FD62-7029-38F8-B504-DDC37D65B218}.Debug|x64.ActiveCfg = Debug|x64
		{3759FD62-7029-38F8-B504-DDC37D65B218}.Debug|x64.Build.0 = Debug|x64
		{3759FD62-7029-38F8-B504-DDC37D65B218}.Release|x64.ActiveCfg = Release|x64
		{3759FD62-7029-38F8-B504-DDC37D65B218}.Release|x64.Build.0 = Release|x64
		{3759FD62-7029-38F8-B504-DDC37D65B218}.MinSizeRel|x64.ActiveCfg = MinSizeRel|x64
		{3759FD62-7029-38F8-B504-DDC37D65B218}.MinSizeRel|x64.Build.0 = MinSizeRel|x64
		{3759FD62-7029-38F8-B504-DDC37D65B218}.RelWithDebInfo|x64.ActiveCfg = RelWithDebInfo|x64
		{3759FD62-7029-38F8-B504-DDC37D65B218}.RelWithDebInfo|x64.Build.0 = RelWithDebInfo|x64
		{A9E0929A-CF14-371C-B160-98274FF1A45C}.Debug|x64.ActiveCfg = Debug|x64
		{A9E0929A-CF14-371C-B160-98274FF1A45C}.Debug|x64.Build.0 = Debug|x64
		{A9E0929A-CF14-371C-B160-98274FF1A45C}.Release|x64.ActiveCfg = Release|x64
		{A9E0929A-CF14-371C-B160-98274FF1A45C}.Release|x64.Build.0 = Release|x64
		{A9E0929A-CF14-371C-B160-98274FF1A45C}.MinSizeRel|x64.ActiveCfg = MinSizeRel|x64
		{A9E0929A-CF14-371C-B160-98274FF1A45C}.MinSizeRel|x64.Build.0 = MinSizeRel|x64
		{A9E0929A-CF14-371C-B160-98274FF1A45C}.RelWithDebInfo|x64.ActiveCfg = RelWithDebInfo|x64
		{A9E0929A-CF14-371C-B160-98274FF1A45C}.RelWithDebInfo|x64.Build.0 = RelWithDebInfo|x64
		{85155BF8-B3E0-3CC0-A175-F864DABDB0AA}.Debug|x64.ActiveCfg = Debug|x64
		{85155BF8-B3E0-3CC0-A175-F864DABDB0AA}.Debug|x64.Build.0 = Debug|x64
		{85155BF8-B3E0-3CC0-A175-F864DABDB0AA}.Release|x64.ActiveCfg = Release|x64
		{85155BF8-B3E0-3CC0-A175-F864DABDB0AA}.Release|x64.Build.0 = Release|x64
		{85155BF8-B3E0-3CC0-A175-F864DABDB0AA}.MinSizeRel|x64.ActiveCfg = MinSizeRel|x64
		{85155BF8-B3E0-3CC0-A175-F864DABDB0AA}.MinSizeRel|x64.Build.0 = MinSizeRel|x64
		{85155BF8-B3E0-3CC0-A175-F864DABDB0AA}.RelWithDebInfo|x64.ActiveCfg = RelWithDebInfo|x64
		{85155BF8-B3E0-3CC0-A175-F864DABDB0AA}.RelWithDebInfo|x64.Build.0 = RelWithDebInfo|x64
		{16995B6F-81BA-3745-AF97-05211DE2C1B0}.Debug|x64.ActiveCfg = Debug|x64
		{16995B6F-81BA-3745-AF97-05211DE2C1B0}.Debug|x64.Build.0 = Debug|x64
		{16995B6F-81BA-3745-AF97-05211DE2C1B0}.Release|x64.ActiveCfg = Release|x64
		{16995B6F-81BA-3745-AF97-05211DE2C1B0}.Release|x64.Build.0 = Release|x64
		{16995B6F-81BA-3745-AF97-05211DE2C1B0}.MinSizeRel|x64.ActiveCfg = MinSizeRel|x64
		{16995B6F-81BA-3745-AF97-05211DE2C1B0}.MinSizeRel|x64.Build.0 = MinSizeRel|x64
		{16995B6F-81BA-3745-AF97-05211DE2C1B0}.RelWithDebInfo|x64.ActiveCfg = RelWithDebInfo|x64
		{16995B6F-81BA-3745-AF97-05211DE2C1B0}.RelWithDebInfo|x64.Build.0 = RelWithDebInfo|x64
		{1570B6A3-3100-302A-B227-397B7B8C3D88}.Debug|x64.ActiveCfg = Debug|x64
		{1570B6A3-3100-302A-B227-397B7B8C3D88}.Debug|x64.Build.0 = Debug|x64
		{1570B6A3-3100-302A-B227-397B7B8C3D88}.Release|x64.ActiveCfg = Release|x64
		{1570B6A3-3100-302A-B227-397B7B8C3D88}.Release|x64.Build.0 = Release|x64
		{1570B6A3-3100-302A-B227-397B7B8C3D88}.MinSizeRel|x64.ActiveCfg = MinSizeRel|x64
		{1570B6A3-3100-302A-B227-397B7B8C3D88}.MinSizeRel|x64.Build.0 = MinSizeRel|x64
		{1570B6A3-3100-302A-B227-397B7B8C3D88}.RelWithDebInfo|x64.ActiveCfg = RelWithDebInfo|x64
		{1570B6A3-3100-302A-B227-397B7B8C3D88}.RelWithDebInfo|x64.Build.0 = RelWithDebInfo|x64
		{76C82935-43BE-327D-A9D2-BB773CEF703D}.Debug|x64.ActiveCfg = Debug|x64
		{76C82935-43BE-327D-A9D2-BB773CEF703D}.Debug|x64.Build.0 = Debug|x64
		{76C82935-43BE-327D-A9D2-BB773CEF703D}.Release|x64.ActiveCfg = Release|x64
		{76C82935-43BE-327D-A9D2-BB773CEF703D}.Release|x64.Build.0 = Release|x64
		{76C82935-43BE-327D-A9D2-BB773CEF703D}.MinSizeRel|x64.ActiveCfg = MinSizeRel|x64
		{76C82935-43BE-327D-A9D2-BB773CEF703D}.MinSizeRel|x64.Build.0 = MinSizeRel|x64
		{76C82935-43BE-327D-A9D2-BB773CEF703D}.RelWithDebInfo|x64.ActiveCfg = RelWithDebInfo|x64
		{76C82935-43BE-327D-A9D2-BB773CEF703D}.RelWithDebInfo|x64.Build.0 = RelWithDebInfo|x64
		{C730CDD4-DD9D-33D4-A5F9-D91AB9F522A0}.Debug|x64.ActiveCfg = Debug|x64
		{C730CDD4-DD9D-33D4-A5F9-D91AB9F522A0}.Debug|x64.Build.0 = Debug|x64
		{C730CDD4-DD9D-33D4-A5F9-D91AB9F522A0}.Release|x64.ActiveCfg = Release|x64
		{C730CDD4-DD9D-33D4-A5F9-D91AB9F522A0}.Release|x64.Build.0 = Release|x64
		{C730CDD4-DD9D-33D4-A5F9-D91AB9F522A0}.MinSizeRel|x64.ActiveCfg = MinSizeRel|x64
		{C730CDD4-DD9D-33D4-A5F9-D91AB9F522A0}.MinSizeRel|x64.Build.0 = MinSizeRel|x64
		{C730CDD4-DD9D-33D4-A5F9-D91AB9F522A0}.RelWithDebInfo|x64.ActiveCfg = RelWithDebInfo|x64
		{C730CDD4-DD9D-33D4-A5F9-D91AB9F522A0}.RelWithDebInfo|x64.Build.0 = RelWithDebInfo|x64
		{BAA66819-F3F9-35DD-A59F-7249DCFE8C98}.Debug|x64.ActiveCfg = Debug|x64
		{BAA66819-F3F9-35DD-A59F-7249DCFE8C98}.Debug|x64.Build.0 = Debug|x64
		{BAA66819-F3F9-35DD-A59F-7249DCFE8C98}.Release|x64.ActiveCfg = Release|x64
		{BAA66819-F3F9-35DD-A59F-7249DCFE8C98}.Release|x64.Build.0 = Release|x64
		{BAA66819-F3F9-35DD-A59F-7249DCFE8C98}.MinSizeRel|x64.ActiveCfg = MinSizeRel|x64
		{BAA66819-F3F9-35DD-A59F-7249DCFE8C98}.MinSizeRel|x64.Build.0 = MinSizeRel|x64
		{BAA66819-F3F9-35DD-A59F-7249DCFE8C98}.RelWithDebInfo|x64.ActiveCfg = RelWithDebInfo|x64
		{BAA66819-F3F9-35DD-A59F-7249DCFE8C98}.RelWithDebInfo|x64.Build.0 = RelWithDebInfo|x64
		{2A486B2A-5054-3EB3-9E1B-83036D10DF23}.Debug|x64.ActiveCfg = Debug|x64
		{2A486B2A-5054-3EB3-9E1B-83036D10DF23}.Debug|x64.Build.0 = Debug|x64
		{2A486B2A-5054-3EB3-9E1B-83036D10DF23}.Release|x64.ActiveCfg = Release|x64
		{2A486B2A-5054-3EB3-9E1B-83036D10DF23}.Release|x64.Build.0 = Release|x64
		{2A486B2A-5054-3EB3-9E1B-83036D10DF23}.MinSizeRel|x64.ActiveCfg = MinSizeRel|x64
		{2A486B2A-5054-3EB3-9E1B-83036D10DF23}.MinSizeRel|x64.Build.0 = MinSizeRel|x64
		{2A486B2A-5054-3EB3-9E1B-83036D10DF23}.RelWithDebInfo|x64.ActiveCfg = RelWithDebInfo|x64
		{2A486B2A-5054-3EB3-9E1B-83036D10DF23}.RelWithDebInfo|x64.Build.0 = RelWithDebInfo|x64
		{9447D7A6-C996-39E3-B6D6-FE5FE9395415}.Debug|x64.ActiveCfg = Debug|x64
		{9447D7A6-C996-39E3-B6D6-FE5FE9395415}.Debug|x64.Build.0 = Debug|x64
		{9447D7A6-C996-39E3-B6D6-FE5FE9395415}.Release|x64.ActiveCfg = Release|x64
		{9447D7A6-C996-39E3-B6D6-FE5FE9395415}.Release|x64.Build.0 = Release|x64
		{9447D7A6-C996-39E3-B6D6-FE5FE9395415}.MinSizeRel|x64.ActiveCfg = MinSizeRel|x64
		{9447D7A6-C996-39E3-B6D6-FE5FE9395415}.MinSizeRel|x64.Build.0 = MinSizeRel|x64
		{9447D7A6-C996-39E3-B6D6-FE5FE9395415}.RelWithDebInfo|x64.ActiveCfg = RelWithDebInfo|x64
		{9447D7A6-C996-39E3-B6D6-FE5FE9395415}.RelWithDebInfo|x64.Build.0 = RelWithDebInfo|x64
		{6AA838F2-C08E-302A-A08F-631A1406A097}.Debug|x64.ActiveCfg = Debug|x64
		{6AA838F2-C08E-302A-A08F-631A1406A097}.Debug|x64.Build.0 = Debug|x64
		{6AA838F2-C08E-302A-A08F-631A1406A097}.Release|x64.ActiveCfg = Release|x64
		{6AA838F2-C08E-302A-A08F-631A1406A097}.Release|x64.Build.0 = Release|x64
		{6AA838F2-C08E-302A-A08F-631A1406A097}.MinSizeRel|x64.ActiveCfg = MinSizeRel|x64
		{6AA838F2-C08E-302A-A08F-631A1406A097}.MinSizeRel|x64.Build.0 = MinSizeRel|x64
		{6AA838F2-C08E-302A-A08F-631A1406A097}.RelWithDebInfo|x64.ActiveCfg = RelWithDebInfo|x64
		{6AA838F2-C08E-302A-A08F-631A1406A097}.RelWithDebInfo|x64.Build.0 = RelWithDebInfo|x64
		{8000A22A-3FAF-30A2-AAE1-24B681775875}.Debug|x64.ActiveCfg = Debug|x64
		{8000A22A-3FAF-30A2-AAE1-24B681775875}.Debug|x64.Build.0 = Debug|x64
		{8000A22A-3FAF-30A2-AAE1-24B681775875}.Release|x64.ActiveCfg = Release|x64
		{8000A22A-3FAF-30A2-AAE1-24B681775875}.Release|x64.Build.0 = Release|x64
		{8000A22A-3FAF-30A2-AAE1-24B681775875}.MinSizeRel|x64.ActiveCfg = MinSizeRel|x64
		{8000A22A-3FAF-30A2-AAE1-24B681775875}.MinSizeRel|x64.Build.0 = MinSizeRel|x64
		{8000A22A-3FAF-30A2-AAE1-24B681775875}.RelWithDebInfo|x64.ActiveCfg = RelWithDebInfo|x64
		{8000A22A-3FAF-30A2-AAE1-24B681775875}.RelWithDebInfo|x64.Build.0 = RelWithDebInfo|x64
		{0024ED38-BE74-3432-801E-EAD9BF464A5D}.Debug|x64.ActiveCfg = Debug|x64
		{0024ED38-BE74-3432-801E-EAD9BF464A5D}.Debug|x64.Build.0 = Debug|x64
		{0024ED38-BE74-3432-801E-EAD9BF464A5D}.Release|x64.ActiveCfg = Release|x64
		{0024ED38-BE74-3432-801E-EAD9BF464A5D}.Release|x64.Build.0 = Release|x64
		{0024ED38-BE74-3432-801E-EAD9BF464A5D}.MinSizeRel|x64.ActiveCfg = MinSizeRel|x64
		{0024ED38-BE74-3432-801E-EAD9BF464A5D}.MinSizeRel|x64.Build.0 = MinSizeRel|x64
		{0024ED38-BE74-3432-801E-EAD9BF464A5D}.RelWithDebInfo|x64.ActiveCfg = RelWithDebInfo|x64
		{0024ED38-BE74-3432-801E-EAD9BF464A5D}.RelWithDebInfo|x64.Build.0 = RelWithDebInfo|x64
		{2DF16135-5938-3247-8FAE-BBC0B47F57B9}.Debug|x64.ActiveCfg = Debug|x64
		{2DF16135-5938-3247-8FAE-BBC0B47F57B9}.Debug|x64.Build.0 = Debug|x64
		{2DF16135-5938-3247-8FAE-BBC0B47F57B9}.Release|x64.ActiveCfg = Release|x64
		{2DF16135-5938-3247-8FAE-BBC0B47F57B9}.Release|x64.Build.0 = Release|x64
		{2DF16135-5938-3247-8FAE-BBC0B47F57B9}.MinSizeRel|x64.ActiveCfg = MinSizeRel|x64
		{2DF16135-5938-3247-8FAE-BBC0B47F57B9}.MinSizeRel|x64.Build.0 = MinSizeRel|x64
		{2DF16135-5938-3247-8FAE-BBC0B47F57B9}.RelWithDebInfo|x64.ActiveCfg = RelWithDebInfo|x64
		{2DF16135-5938-3247-8FAE-BBC0B47F57B9}.RelWithDebInfo|x64.Build.0 = RelWithDebInfo|x64
		{2D5393A4-6C03-3CCC-AAD6-8ABA785098E5}.Debug|x64.ActiveCfg = Debug|x64
		{2D5393A4-6C03-3CCC-AAD6-8ABA785098E5}.Debug|x64.Build.0 = Debug|x64
		{2D5393A4-6C03-3CCC-AAD6-8ABA785098E5}.Release|x64.ActiveCfg = Release|x64
		{2D5393A4-6C03-3CCC-AAD6-8ABA785098E5}.Release|x64.Build.0 = Release|x64
		{2D5393A4-6C03-3CCC-AAD6-8ABA785098E5}.MinSizeRel|x64.ActiveCfg = MinSizeRel|x64
		{2D5393A4-6C03-3CCC-AAD6-8ABA785098E5}.MinSizeRel|x64.Build.0 = MinSizeRel|x64
		{2D5393A4-6C03-3CCC-AAD6-8ABA785098E5}.RelWithDebInfo|x64.ActiveCfg = RelWithDebInfo|x64
		{2D5393A4-6C03-3CCC-AAD6-8ABA785098E5}.RelWithDebInfo|x64.Build.0 = RelWithDebInfo|x64
		{6522142F-97A8-3736-BBE9-216AA81A64C4}.Debug|x64.ActiveCfg = Debug|x64
		{6522142F-97A8-3736-BBE9-216AA81A64C4}.Debug|x64.Build.0 = Debug|x64
		{6522142F-97A8-3736-BBE9-216AA81A64C4}.Release|x64.ActiveCfg = Release|x64
		{6522142F-97A8-3736-BBE9-216AA81A64C4}.Release|x64.Build.0 = Release|x64
		{6522142F-97A8-3736-BBE9-216AA81A64C4}.MinSizeRel|x64.ActiveCfg = MinSizeRel|x64
		{6522142F-97A8-3736-BBE9-216AA81A64C4}.MinSizeRel|x64.Build.0 = MinSizeRel|x64
		{6522142F-97A8-3736-BBE9-216AA81A64C4}.RelWithDebInfo|x64.ActiveCfg = RelWithDebInfo|x64
		{6522142F-97A8-3736-BBE9-216AA81A64C4}.RelWithDebInfo|x64.Build.0 = RelWithDebInfo|x64
		{96741C4E-EF64-3017-B48A-559D22DD0310}.Debug|x64.ActiveCfg = Debug|x64
		{96741C4E-EF64-3017-B48A-559D22DD0310}.Debug|x64.Build.0 = Debug|x64
		{96741C4E-EF64-3017-B48A-559D22DD0310}.Release|x64.ActiveCfg = Release|x64
		{96741C4E-EF64-3017-B48A-559D22DD0310}.Release|x64.Build.0 = Release|x64
		{96741C4E-EF64-3017-B48A-559D22DD0310}.MinSizeRel|x64.ActiveCfg = MinSizeRel|x64
		{96741C4E-EF64-3017-B48A-559D22DD0310}.MinSizeRel|x64.Build.0 = MinSizeRel|x64
		{96741C4E-EF64-3017-B48A-559D22DD0310}.RelWithDebInfo|x64.ActiveCfg = RelWithDebInfo|x64
		{96741C4E-EF64-3017-B48A-559D22DD0310}.RelWithDebInfo|x64.Build.0 = RelWithDebInfo|x64
		{BE09318D-5A74-34BC-9CF8-04D34E0D4FCD}.Debug|x64.ActiveCfg = Debug|x64
		{BE09318D-5A74-34BC-9CF8-04D34E0D4FCD}.Release|x64.ActiveCfg = Release|x64
		{BE09318D-5A74-34BC-9CF8-04D34E0D4FCD}.MinSizeRel|x64.ActiveCfg = MinSizeRel|x64
		{BE09318D-5A74-34BC-9CF8-04D34E0D4FCD}.RelWithDebInfo|x64.ActiveCfg = RelWithDebInfo|x64
		{3981B598-4A1D-3984-967A-5ED3B8CEF193}.Debug|x64.ActiveCfg = Debug|x64
		{3981B598-4A1D-3984-967A-5ED3B8CEF193}.Release|x64.ActiveCfg = Release|x64
		{3981B598-4A1D-3984-967A-5ED3B8CEF193}.MinSizeRel|x64.ActiveCfg = MinSizeRel|x64
		{3981B598-4A1D-3984-967A-5ED3B8CEF193}.RelWithDebInfo|x64.ActiveCfg = RelWithDebInfo|x64
		{0B025578-F0C4-3E27-9BCF-BF2F6AF69FF6}.Debug|x64.ActiveCfg = Debug|x64
		{0B025578-F0C4-3E27-9BCF-BF2F6AF69FF6}.Debug|x64.Build.0 = Debug|x64
		{0B025578-F0C4-3E27-9BCF-BF2F6AF69FF6}.Release|x64.ActiveCfg = Release|x64
		{0B025578-F0C4-3E27-9BCF-BF2F6AF69FF6}.Release|x64.Build.0 = Release|x64
		{0B025578-F0C4-3E27-9BCF-BF2F6AF69FF6}.MinSizeRel|x64.ActiveCfg = MinSizeRel|x64
		{0B025578-F0C4-3E27-9BCF-BF2F6AF69FF6}.MinSizeRel|x64.Build.0 = MinSizeRel|x64
		{0B025578-F0C4-3E27-9BCF-BF2F6AF69FF6}.RelWithDebInfo|x64.ActiveCfg = RelWithDebInfo|x64
		{0B025578-F0C4-3E27-9BCF-BF2F6AF69FF6}.RelWithDebInfo|x64.Build.0 = RelWithDebInfo|x64
		{341B71CB-0248-30C5-9E03-A898DBE30C78}.Debug|x64.ActiveCfg = Debug|x64
		{341B71CB-0248-30C5-9E03-A898DBE30C78}.Debug|x64.Build.0 = Debug|x64
		{341B71CB-0248-30C5-9E03-A898DBE30C78}.Release|x64.ActiveCfg = Release|x64
		{341B71CB-0248-30C5-9E03-A898DBE30C78}.Release|x64.Build.0 = Release|x64
		{341B71CB-0248-30C5-9E03-A898DBE30C78}.MinSizeRel|x64.ActiveCfg = MinSizeRel|x64
		{341B71CB-0248-30C5-9E03-A898DBE30C78}.MinSizeRel|x64.Build.0 = MinSizeRel|x64
		{341B71CB-0248-30C5-9E03-A898DBE30C78}.RelWithDebInfo|x64.ActiveCfg = RelWithDebInfo|x64
		{341B71CB-0248-30C5-9E03-A898DBE30C78}.RelWithDebInfo|x64.Build.0 = RelWithDebInfo|x64
	EndGlobalSection
	GlobalSection(NestedProjects) = preSolution
		{15A3F823-F268-35C9-8122-27486E214DB6} = {BFB595FC-4144-3A70-B2EB-C49073E8664A}
		{09391926-CDF4-33A2-9706-5E9F4CB9BE07} = {BFB595FC-4144-3A70-B2EB-C49073E8664A}
		{69772325-2104-3C0A-B45A-F8748372A510} = {BFB595FC-4144-3A70-B2EB-C49073E8664A}
		{59C97580-8B3A-3572-8B9B-471ED542B8C7} = {8E2C9DCA-6D07-3525-882C-6EDC5A9A303F}
		{7FFB166B-D67F-37E4-9699-A53B8E4522CB} = {8E2C9DCA-6D07-3525-882C-6EDC5A9A303F}
		{E11D467C-2A62-32D9-918C-02E2B646A051} = {8E2C9DCA-6D07-3525-882C-6EDC5A9A303F}
		{BE09318D-5A74-34BC-9CF8-04D34E0D4FCD} = {8E2C9DCA-6D07-3525-882C-6EDC5A9A303F}
		{3981B598-4A1D-3984-967A-5ED3B8CEF193} = {8E2C9DCA-6D07-3525-882C-6EDC5A9A303F}
		{4B1CCFA6-AC78-3A11-8DA7-1F4F2D590408} = {59C97580-8B3A-3572-8B9B-471ED542B8C7}
		{964D76BC-0308-38E7-9CB0-163E7EB20DDD} = {59C97580-8B3A-3572-8B9B-471ED542B8C7}
		{87D98FEB-277B-338E-8AE8-ED8F8A5EDAFC} = {59C97580-8B3A-3572-8B9B-471ED542B8C7}
		{76C82935-43BE-327D-A9D2-BB773CEF703D} = {59C97580-8B3A-3572-8B9B-471ED542B8C7}
		{BAA66819-F3F9-35DD-A59F-7249DCFE8C98} = {59C97580-8B3A-3572-8B9B-471ED542B8C7}
		{9447D7A6-C996-39E3-B6D6-FE5FE9395415} = {59C97580-8B3A-3572-8B9B-471ED542B8C7}
		{6AA838F2-C08E-302A-A08F-631A1406A097} = {59C97580-8B3A-3572-8B9B-471ED542B8C7}
		{8000A22A-3FAF-30A2-AAE1-24B681775875} = {59C97580-8B3A-3572-8B9B-471ED542B8C7}
		{0B025578-F0C4-3E27-9BCF-BF2F6AF69FF6} = {59C97580-8B3A-3572-8B9B-471ED542B8C7}
		{9838E21D-058E-3180-BCE7-CC9323F41F1F} = {7FFB166B-D67F-37E4-9699-A53B8E4522CB}
		{844B6D2D-2D87-3B3A-A464-6D88D383A3C9} = {7FFB166B-D67F-37E4-9699-A53B8E4522CB}
		{CF75AF4D-47DA-30FA-8D32-548D2A996DCA} = {7FFB166B-D67F-37E4-9699-A53B8E4522CB}
		{C60215D5-C93F-3C7A-9000-20AF00F83028} = {7FFB166B-D67F-37E4-9699-A53B8E4522CB}
		{63D4392C-D1BB-3839-A21B-4AE15245EBF1} = {7FFB166B-D67F-37E4-9699-A53B8E4522CB}
		{E84FCF77-9B65-3328-B6BC-44D0C9114D18} = {7FFB166B-D67F-37E4-9699-A53B8E4522CB}
		{4DE1CB60-6CD9-34BA-94F5-E4ED784D986A} = {7FFB166B-D67F-37E4-9699-A53B8E4522CB}
		{3759FD62-7029-38F8-B504-DDC37D65B218} = {7FFB166B-D67F-37E4-9699-A53B8E4522CB}
		{A9E0929A-CF14-371C-B160-98274FF1A45C} = {7FFB166B-D67F-37E4-9699-A53B8E4522CB}
		{85155BF8-B3E0-3CC0-A175-F864DABDB0AA} = {7FFB166B-D67F-37E4-9699-A53B8E4522CB}
		{16995B6F-81BA-3745-AF97-05211DE2C1B0} = {7FFB166B-D67F-37E4-9699-A53B8E4522CB}
		{1570B6A3-3100-302A-B227-397B7B8C3D88} = {7FFB166B-D67F-37E4-9699-A53B8E4522CB}
		{C730CDD4-DD9D-33D4-A5F9-D91AB9F522A0} = {7FFB166B-D67F-37E4-9699-A53B8E4522CB}
		{2A486B2A-5054-3EB3-9E1B-83036D10DF23} = {7FFB166B-D67F-37E4-9699-A53B8E4522CB}
		{0024ED38-BE74-3432-801E-EAD9BF464A5D} = {7FFB166B-D67F-37E4-9699-A53B8E4522CB}
		{2DF16135-5938-3247-8FAE-BBC0B47F57B9} = {7FFB166B-D67F-37E4-9699-A53B8E4522CB}
		{2D5393A4-6C03-3CCC-AAD6-8ABA785098E5} = {7FFB166B-D67F-37E4-9699-A53B8E4522CB}
		{6522142F-97A8-3736-BBE9-216AA81A64C4} = {7FFB166B-D67F-37E4-9699-A53B8E4522CB}
		{96741C4E-EF64-3017-B48A-559D22DD0310} = {7FFB166B-D67F-37E4-9699-A53B8E4522CB}
		{341B71CB-0248-30C5-9E03-A898DBE30C78} = {7FFB166B-D67F-37E4-9699-A53B8E4522CB}
	EndGlobalSection
	GlobalSection(ExtensibilityGlobals) = postSolution
		SolutionGuid = {E9E1BF1F-6D56-3B61-90BD-CDA9CEB1CCAE}
	EndGlobalSection
	GlobalSection(ExtensibilityAddIns) = postSolution
	EndGlobalSection
EndGlobal
