<?xml version="1.0" encoding="utf-8"?>
<Project ToolsVersion="17.0" xmlns="http://schemas.microsoft.com/developer/msbuild/2003">
  <ItemGroup>
    <CustomBuild Include="C:\IBOIS57\_Code\Software\Python\compas_wood\backend\build_win\install\glfw\CMakeFiles\e9c33693ffd8c389f38d4696835b6893\generate.stamp.rule">
      <Filter>CMake Rules</Filter>
    </CustomBuild>
  </ItemGroup>
  <ItemGroup>
    <Filter Include="CMake Rules">
      <UniqueIdentifier>{02A5995E-CA69-3718-B55C-51D753781DB0}</UniqueIdentifier>
    </Filter>
  </ItemGroup>
</Project>
