
Microsoft Visual Studio Solution File, Format Version 12.00
# Visual Studio Version 17
Project("{8BC9CEB8-8B4A-11D0-8D11-00A0C91BC942}") = "ALL_BUILD", "ALL_BUILD.vcxproj", "{89B038E5-9458-3E15-8DBD-7EAB84E1E6C6}"
	ProjectSection(ProjectDependencies) = postProject
		{F6019F61-C777-3831-978E-FA22FC9F6890} = {F6019F61-C777-3831-978E-FA22FC9F6890}
	EndProjectSection
EndProject
Project("{8BC9CEB8-8B4A-11D0-8D11-00A0C91BC942}") = "ALL_CGAL_TARGETS", "ALL_CGAL_TARGETS.vcxproj", "{9A08DB70-1A39-3548-9A99-6D74C50371FA}"
	ProjectSection(ProjectDependencies) = postProject
		{F6019F61-C777-3831-978E-FA22FC9F6890} = {F6019F61-C777-3831-978E-FA22FC9F6890}
		{5D557590-FAE6-3735-ABCC-56AF7670D3EB} = {5D557590-FAE6-3735-ABCC-56AF7670D3EB}
		{6D47F790-0BCC-3A99-8B9C-42A6BC594EF4} = {6D47F790-0BCC-3A99-8B9C-42A6BC594EF4}
	EndProjectSection
EndProject
Project("{8BC9CEB8-8B4A-11D0-8D11-00A0C91BC942}") = "INSTALL", "INSTALL.vcxproj", "{D4D531A8-4CC0-35AC-8664-CF3B5D0D1906}"
	ProjectSection(ProjectDependencies) = postProject
		{89B038E5-9458-3E15-8DBD-7EAB84E1E6C6} = {89B038E5-9458-3E15-8DBD-7EAB84E1E6C6}
		{F6019F61-C777-3831-978E-FA22FC9F6890} = {F6019F61-C777-3831-978E-FA22FC9F6890}
	EndProjectSection
EndProject
Project("{8BC9CEB8-8B4A-11D0-8D11-00A0C91BC942}") = "ZERO_CHECK", "ZERO_CHECK.vcxproj", "{F6019F61-C777-3831-978E-FA22FC9F6890}"
	ProjectSection(ProjectDependencies) = postProject
	EndProjectSection
EndProject
Project("{8BC9CEB8-8B4A-11D0-8D11-00A0C91BC942}") = "demos", "demos.vcxproj", "{5D557590-FAE6-3735-ABCC-56AF7670D3EB}"
	ProjectSection(ProjectDependencies) = postProject
		{F6019F61-C777-3831-978E-FA22FC9F6890} = {F6019F61-C777-3831-978E-FA22FC9F6890}
	EndProjectSection
EndProject
Project("{8BC9CEB8-8B4A-11D0-8D11-00A0C91BC942}") = "examples", "examples.vcxproj", "{6D47F790-0BCC-3A99-8B9C-42A6BC594EF4}"
	ProjectSection(ProjectDependencies) = postProject
		{F6019F61-C777-3831-978E-FA22FC9F6890} = {F6019F61-C777-3831-978E-FA22FC9F6890}
	EndProjectSection
EndProject
Project("{8BC9CEB8-8B4A-11D0-8D11-00A0C91BC942}") = "install_FindCGAL", "install_FindCGAL.vcxproj", "{30A3C43C-EE70-3432-BECA-8A22EDCEC90C}"
	ProjectSection(ProjectDependencies) = postProject
		{F6019F61-C777-3831-978E-FA22FC9F6890} = {F6019F61-C777-3831-978E-FA22FC9F6890}
	EndProjectSection
EndProject
Global
	GlobalSection(SolutionConfigurationPlatforms) = preSolution
		Debug|x64 = Debug|x64
		Release|x64 = Release|x64
		MinSizeRel|x64 = MinSizeRel|x64
		RelWithDebInfo|x64 = RelWithDebInfo|x64
	EndGlobalSection
	GlobalSection(ProjectConfigurationPlatforms) = postSolution
		{89B038E5-9458-3E15-8DBD-7EAB84E1E6C6}.Debug|x64.ActiveCfg = Debug|x64
		{89B038E5-9458-3E15-8DBD-7EAB84E1E6C6}.Debug|x64.Build.0 = Debug|x64
		{89B038E5-9458-3E15-8DBD-7EAB84E1E6C6}.Release|x64.ActiveCfg = Release|x64
		{89B038E5-9458-3E15-8DBD-7EAB84E1E6C6}.Release|x64.Build.0 = Release|x64
		{89B038E5-9458-3E15-8DBD-7EAB84E1E6C6}.MinSizeRel|x64.ActiveCfg = MinSizeRel|x64
		{89B038E5-9458-3E15-8DBD-7EAB84E1E6C6}.MinSizeRel|x64.Build.0 = MinSizeRel|x64
		{89B038E5-9458-3E15-8DBD-7EAB84E1E6C6}.RelWithDebInfo|x64.ActiveCfg = RelWithDebInfo|x64
		{89B038E5-9458-3E15-8DBD-7EAB84E1E6C6}.RelWithDebInfo|x64.Build.0 = RelWithDebInfo|x64
		{9A08DB70-1A39-3548-9A99-6D74C50371FA}.Debug|x64.ActiveCfg = Debug|x64
		{9A08DB70-1A39-3548-9A99-6D74C50371FA}.Release|x64.ActiveCfg = Release|x64
		{9A08DB70-1A39-3548-9A99-6D74C50371FA}.MinSizeRel|x64.ActiveCfg = MinSizeRel|x64
		{9A08DB70-1A39-3548-9A99-6D74C50371FA}.RelWithDebInfo|x64.ActiveCfg = RelWithDebInfo|x64
		{D4D531A8-4CC0-35AC-8664-CF3B5D0D1906}.Debug|x64.ActiveCfg = Debug|x64
		{D4D531A8-4CC0-35AC-8664-CF3B5D0D1906}.Release|x64.ActiveCfg = Release|x64
		{D4D531A8-4CC0-35AC-8664-CF3B5D0D1906}.MinSizeRel|x64.ActiveCfg = MinSizeRel|x64
		{D4D531A8-4CC0-35AC-8664-CF3B5D0D1906}.RelWithDebInfo|x64.ActiveCfg = RelWithDebInfo|x64
		{F6019F61-C777-3831-978E-FA22FC9F6890}.Debug|x64.ActiveCfg = Debug|x64
		{F6019F61-C777-3831-978E-FA22FC9F6890}.Debug|x64.Build.0 = Debug|x64
		{F6019F61-C777-3831-978E-FA22FC9F6890}.Release|x64.ActiveCfg = Release|x64
		{F6019F61-C777-3831-978E-FA22FC9F6890}.Release|x64.Build.0 = Release|x64
		{F6019F61-C777-3831-978E-FA22FC9F6890}.MinSizeRel|x64.ActiveCfg = MinSizeRel|x64
		{F6019F61-C777-3831-978E-FA22FC9F6890}.MinSizeRel|x64.Build.0 = MinSizeRel|x64
		{F6019F61-C777-3831-978E-FA22FC9F6890}.RelWithDebInfo|x64.ActiveCfg = RelWithDebInfo|x64
		{F6019F61-C777-3831-978E-FA22FC9F6890}.RelWithDebInfo|x64.Build.0 = RelWithDebInfo|x64
		{5D557590-FAE6-3735-ABCC-56AF7670D3EB}.Debug|x64.ActiveCfg = Debug|x64
		{5D557590-FAE6-3735-ABCC-56AF7670D3EB}.Debug|x64.Build.0 = Debug|x64
		{5D557590-FAE6-3735-ABCC-56AF7670D3EB}.Release|x64.ActiveCfg = Release|x64
		{5D557590-FAE6-3735-ABCC-56AF7670D3EB}.Release|x64.Build.0 = Release|x64
		{5D557590-FAE6-3735-ABCC-56AF7670D3EB}.MinSizeRel|x64.ActiveCfg = MinSizeRel|x64
		{5D557590-FAE6-3735-ABCC-56AF7670D3EB}.MinSizeRel|x64.Build.0 = MinSizeRel|x64
		{5D557590-FAE6-3735-ABCC-56AF7670D3EB}.RelWithDebInfo|x64.ActiveCfg = RelWithDebInfo|x64
		{5D557590-FAE6-3735-ABCC-56AF7670D3EB}.RelWithDebInfo|x64.Build.0 = RelWithDebInfo|x64
		{6D47F790-0BCC-3A99-8B9C-42A6BC594EF4}.Debug|x64.ActiveCfg = Debug|x64
		{6D47F790-0BCC-3A99-8B9C-42A6BC594EF4}.Debug|x64.Build.0 = Debug|x64
		{6D47F790-0BCC-3A99-8B9C-42A6BC594EF4}.Release|x64.ActiveCfg = Release|x64
		{6D47F790-0BCC-3A99-8B9C-42A6BC594EF4}.Release|x64.Build.0 = Release|x64
		{6D47F790-0BCC-3A99-8B9C-42A6BC594EF4}.MinSizeRel|x64.ActiveCfg = MinSizeRel|x64
		{6D47F790-0BCC-3A99-8B9C-42A6BC594EF4}.MinSizeRel|x64.Build.0 = MinSizeRel|x64
		{6D47F790-0BCC-3A99-8B9C-42A6BC594EF4}.RelWithDebInfo|x64.ActiveCfg = RelWithDebInfo|x64
		{6D47F790-0BCC-3A99-8B9C-42A6BC594EF4}.RelWithDebInfo|x64.Build.0 = RelWithDebInfo|x64
		{30A3C43C-EE70-3432-BECA-8A22EDCEC90C}.Debug|x64.ActiveCfg = Debug|x64
		{30A3C43C-EE70-3432-BECA-8A22EDCEC90C}.Release|x64.ActiveCfg = Release|x64
		{30A3C43C-EE70-3432-BECA-8A22EDCEC90C}.MinSizeRel|x64.ActiveCfg = MinSizeRel|x64
		{30A3C43C-EE70-3432-BECA-8A22EDCEC90C}.RelWithDebInfo|x64.ActiveCfg = RelWithDebInfo|x64
	EndGlobalSection
	GlobalSection(ExtensibilityGlobals) = postSolution
		SolutionGuid = {2B305D5C-350D-350E-80E4-55826A6182B3}
	EndGlobalSection
	GlobalSection(ExtensibilityAddIns) = postSolution
	EndGlobalSection
EndGlobal
