<?xml version="1.0" encoding="utf-8"?>
<Project ToolsVersion="17.0" xmlns="http://schemas.microsoft.com/developer/msbuild/2003">
  <ItemGroup>
    <CustomBuild Include="C:\IBOIS57\_Code\Software\Python\compas_wood\backend\build_win\cgal-prefix\src\cgal-build\CMakeFiles\afcd7b0ceea530cb04eb83a3abfbbed5\generate.stamp.rule">
      <Filter>CMake Rules</Filter>
    </CustomBuild>
  </ItemGroup>
  <ItemGroup>
    <Filter Include="CMake Rules">
      <UniqueIdentifier>{94713AAA-7B05-3F1D-B091-086D308FCD73}</UniqueIdentifier>
    </Filter>
  </ItemGroup>
</Project>
