
Microsoft Visual Studio Solution File, Format Version 12.00
# Visual Studio Version 17
Project("{8BC9CEB8-8B4A-11D0-8D11-00A0C91BC942}") = "ALL_BUILD", "ALL_BUILD.vcxproj", "{F38EC705-DA60-3BEE-82AE-1AFCF5350C2A}"
	ProjectSection(ProjectDependencies) = postProject
		{702964D3-7282-3CFB-8229-4AFB29A34E83} = {702964D3-7282-3CFB-8229-4AFB29A34E83}
		{965B121C-64BC-3C97-8078-AF0A4EF15511} = {965B121C-64BC-3C97-8078-AF0A4EF15511}
	EndProjectSection
EndProject
Project("{8BC9CEB8-8B4A-11D0-8D11-00A0C91BC942}") = "ZERO_CHECK", "ZERO_CHECK.vcxproj", "{702964D3-7282-3CFB-8229-4AFB29A34E83}"
	ProjectSection(ProjectDependencies) = postProject
	EndProjectSection
EndProject
Project("{8BC9CEB8-8B4A-11D0-8D11-00A0C91BC942}") = "glad", "glad.vcxproj", "{965B121C-64BC-3C97-8078-AF0A4EF15511}"
	ProjectSection(ProjectDependencies) = postProject
		{702964D3-7282-3CFB-8229-4AFB29A34E83} = {702964D3-7282-3CFB-8229-4AFB29A34E83}
		{1248621F-847B-37A8-B925-E6D12920CD45} = {1248621F-847B-37A8-B925-E6D12920CD45}
	EndProjectSection
EndProject
Project("{8BC9CEB8-8B4A-11D0-8D11-00A0C91BC942}") = "glad-generate-files", "glad-generate-files.vcxproj", "{1248621F-847B-37A8-B925-E6D12920CD45}"
	ProjectSection(ProjectDependencies) = postProject
		{702964D3-7282-3CFB-8229-4AFB29A34E83} = {702964D3-7282-3CFB-8229-4AFB29A34E83}
	EndProjectSection
EndProject
Global
	GlobalSection(SolutionConfigurationPlatforms) = preSolution
		Debug|x64 = Debug|x64
		Release|x64 = Release|x64
		MinSizeRel|x64 = MinSizeRel|x64
		RelWithDebInfo|x64 = RelWithDebInfo|x64
	EndGlobalSection
	GlobalSection(ProjectConfigurationPlatforms) = postSolution
		{F38EC705-DA60-3BEE-82AE-1AFCF5350C2A}.Debug|x64.ActiveCfg = Debug|x64
		{F38EC705-DA60-3BEE-82AE-1AFCF5350C2A}.Release|x64.ActiveCfg = Release|x64
		{F38EC705-DA60-3BEE-82AE-1AFCF5350C2A}.MinSizeRel|x64.ActiveCfg = MinSizeRel|x64
		{F38EC705-DA60-3BEE-82AE-1AFCF5350C2A}.RelWithDebInfo|x64.ActiveCfg = RelWithDebInfo|x64
		{702964D3-7282-3CFB-8229-4AFB29A34E83}.Debug|x64.ActiveCfg = Debug|x64
		{702964D3-7282-3CFB-8229-4AFB29A34E83}.Debug|x64.Build.0 = Debug|x64
		{702964D3-7282-3CFB-8229-4AFB29A34E83}.Release|x64.ActiveCfg = Release|x64
		{702964D3-7282-3CFB-8229-4AFB29A34E83}.Release|x64.Build.0 = Release|x64
		{702964D3-7282-3CFB-8229-4AFB29A34E83}.MinSizeRel|x64.ActiveCfg = MinSizeRel|x64
		{702964D3-7282-3CFB-8229-4AFB29A34E83}.MinSizeRel|x64.Build.0 = MinSizeRel|x64
		{702964D3-7282-3CFB-8229-4AFB29A34E83}.RelWithDebInfo|x64.ActiveCfg = RelWithDebInfo|x64
		{702964D3-7282-3CFB-8229-4AFB29A34E83}.RelWithDebInfo|x64.Build.0 = RelWithDebInfo|x64
		{965B121C-64BC-3C97-8078-AF0A4EF15511}.Debug|x64.ActiveCfg = Debug|x64
		{965B121C-64BC-3C97-8078-AF0A4EF15511}.Debug|x64.Build.0 = Debug|x64
		{965B121C-64BC-3C97-8078-AF0A4EF15511}.Release|x64.ActiveCfg = Release|x64
		{965B121C-64BC-3C97-8078-AF0A4EF15511}.Release|x64.Build.0 = Release|x64
		{965B121C-64BC-3C97-8078-AF0A4EF15511}.MinSizeRel|x64.ActiveCfg = MinSizeRel|x64
		{965B121C-64BC-3C97-8078-AF0A4EF15511}.MinSizeRel|x64.Build.0 = MinSizeRel|x64
		{965B121C-64BC-3C97-8078-AF0A4EF15511}.RelWithDebInfo|x64.ActiveCfg = RelWithDebInfo|x64
		{965B121C-64BC-3C97-8078-AF0A4EF15511}.RelWithDebInfo|x64.Build.0 = RelWithDebInfo|x64
		{1248621F-847B-37A8-B925-E6D12920CD45}.Debug|x64.ActiveCfg = Debug|x64
		{1248621F-847B-37A8-B925-E6D12920CD45}.Debug|x64.Build.0 = Debug|x64
		{1248621F-847B-37A8-B925-E6D12920CD45}.Release|x64.ActiveCfg = Release|x64
		{1248621F-847B-37A8-B925-E6D12920CD45}.Release|x64.Build.0 = Release|x64
		{1248621F-847B-37A8-B925-E6D12920CD45}.MinSizeRel|x64.ActiveCfg = MinSizeRel|x64
		{1248621F-847B-37A8-B925-E6D12920CD45}.MinSizeRel|x64.Build.0 = MinSizeRel|x64
		{1248621F-847B-37A8-B925-E6D12920CD45}.RelWithDebInfo|x64.ActiveCfg = RelWithDebInfo|x64
		{1248621F-847B-37A8-B925-E6D12920CD45}.RelWithDebInfo|x64.Build.0 = RelWithDebInfo|x64
	EndGlobalSection
	GlobalSection(ExtensibilityGlobals) = postSolution
		SolutionGuid = {F980DC97-2186-3149-A596-94FDD3B599B1}
	EndGlobalSection
	GlobalSection(ExtensibilityAddIns) = postSolution
	EndGlobalSection
EndGlobal
