<?xml version="1.0" encoding="utf-8"?>
<Project ToolsVersion="17.0" xmlns="http://schemas.microsoft.com/developer/msbuild/2003">
  <ItemGroup>
    <CustomBuild Include="C:\IBOIS57\_Code\Software\Python\compas_wood\backend\build_win\install\glad\CMakeFiles\6939c8359a107fad5c5cbce6e7bb8369\glad.c.rule">
      <Filter>CMake Rules</Filter>
    </CustomBuild>
    <CustomBuild Include="C:\IBOIS57\_Code\Software\Python\compas_wood\backend\build_win\install\glad\CMakeFiles\427bd6fc527cea5864e24a1284bd3dc6\glad-generate-files.rule">
      <Filter>CMake Rules</Filter>
    </CustomBuild>
    <CustomBuild Include="C:\IBOIS57\_Code\Software\Python\compas_wood\backend\build_win\install\glad\CMakeLists.txt" />
  </ItemGroup>
  <ItemGroup>
    <None Include="C:\IBOIS57\_Code\Software\Python\compas_wood\backend\build_win\install\glad\CMakeFiles\glad-generate-files" />
  </ItemGroup>
  <ItemGroup>
    <Filter Include="CMake Rules">
      <UniqueIdentifier>{E1C7CD0A-12DA-308F-B385-544CFCCBD759}</UniqueIdentifier>
    </Filter>
  </ItemGroup>
</Project>
