
Microsoft Visual Studio Solution File, Format Version 12.00
# Visual Studio Version 16
VisualStudioVersion = 16.0.810.5
MinimumVisualStudioVersion = 10.0.40219.1
Project("{FAE04EC0-301F-11D3-BF4B-00C04F79EFBC}") = "joinery_solver_net", "joinery_solver_net.csproj", "{12735E36-9859-4C02-B754-3A756FD1CD62}"
EndProject
Global
	GlobalSection(SolutionConfigurationPlatforms) = preSolution
		Debug|x64 = Debug|x64
		Release|x64 = Release|x64
	EndGlobalSection
	GlobalSection(ProjectConfigurationPlatforms) = postSolution
		{12735E36-9859-4C02-B754-3A756FD1CD62}.Debug|x64.ActiveCfg = Debug|x64
		{12735E36-9859-4C02-B754-3A756FD1CD62}.Debug|x64.Build.0 = Debug|x64
		{12735E36-9859-4C02-B754-3A756FD1CD62}.Release|x64.ActiveCfg = Release|x64
		{12735E36-9859-4C02-B754-3A756FD1CD62}.Release|x64.Build.0 = Release|x64
	EndGlobalSection
	GlobalSection(SolutionProperties) = preSolution
		HideSolutionNode = FALSE
	EndGlobalSection
	GlobalSection(ExtensibilityGlobals) = postSolution
		SolutionGuid = {82EBEE20-8A10-4B23-8EB5-A207140C3FCD}
	EndGlobalSection
EndGlobal
