<?xml version="1.0" encoding="utf-8"?>
<Project ToolsVersion="17.0" xmlns="http://schemas.microsoft.com/developer/msbuild/2003">
  <ItemGroup>
    <CustomBuild Include="C:\IBOIS57\_Code\Software\Python\compas_wood\backend\build_win\install\glfw\CMakeFiles\a3669e2f74e66dcb6e7cc7990de03534\update_mappings.rule">
      <Filter>CMake Rules</Filter>
    </CustomBuild>
    <CustomBuild Include="C:\IBOIS57\_Code\Software\Python\compas_wood\backend\build_win\install\glfw\src\CMakeLists.txt" />
  </ItemGroup>
  <ItemGroup>
    <None Include="C:\IBOIS57\_Code\Software\Python\compas_wood\backend\build_win\install\glfw\src\mappings.h.in">
      <Filter>Header Files</Filter>
    </None>
    <None Include="C:\IBOIS57\_Code\Software\Python\compas_wood\backend\build_win\install\glfw\CMake\GenerateMappings.cmake" />
    <None Include="C:\IBOIS57\_Code\Software\Python\compas_wood\backend\build_win\install\glfw\src\CMakeFiles\update_mappings" />
  </ItemGroup>
  <ItemGroup>
    <Filter Include="CMake Rules">
      <UniqueIdentifier>{02A5995E-CA69-3718-B55C-51D753781DB0}</UniqueIdentifier>
    </Filter>
    <Filter Include="Header Files">
      <UniqueIdentifier>{679FB107-D8E1-3E8A-8A96-D8981FD82885}</UniqueIdentifier>
    </Filter>
  </ItemGroup>
</Project>
