
Microsoft Visual Studio Solution File, Format Version 12.00
# Visual Studio Version 17
Project("{8BC9CEB8-8B4A-11D0-8D11-00A0C91BC942}") = "ALL_BUILD", "ALL_BUILD.vcxproj", "{932E9CD6-315D-3749-BCE2-B5B169CA575C}"
	ProjectSection(ProjectDependencies) = postProject
		{6FC0E3D9-4AE4-30DD-B651-DB7BF471B790} = {6FC0E3D9-4AE4-30DD-B651-DB7BF471B790}
		{872CF62C-B49F-3C2A-89BF-DE1F8B532553} = {872CF62C-B49F-3C2A-89BF-DE1F8B532553}
		{C4C5B8F5-25D4-3CB2-8D08-27700E0C8F6E} = {C4C5B8F5-25D4-3CB2-8D08-27700E0C8F6E}
	EndProjectSection
EndProject
Project("{8BC9CEB8-8B4A-11D0-8D11-00A0C91BC942}") = "INSTALL", "INSTALL.vcxproj", "{89305626-7D4A-3824-B658-7D4118D2F5C1}"
	ProjectSection(ProjectDependencies) = postProject
		{932E9CD6-315D-3749-BCE2-B5B169CA575C} = {932E9CD6-315D-3749-BCE2-B5B169CA575C}
		{6FC0E3D9-4AE4-30DD-B651-DB7BF471B790} = {6FC0E3D9-4AE4-30DD-B651-DB7BF471B790}
	EndProjectSection
EndProject
Project("{8BC9CEB8-8B4A-11D0-8D11-00A0C91BC942}") = "RUN_TESTS", "RUN_TESTS.vcxproj", "{0FD0F265-CC46-3685-885D-2533C5EF2F14}"
	ProjectSection(ProjectDependencies) = postProject
		{6FC0E3D9-4AE4-30DD-B651-DB7BF471B790} = {6FC0E3D9-4AE4-30DD-B651-DB7BF471B790}
	EndProjectSection
EndProject
Project("{8BC9CEB8-8B4A-11D0-8D11-00A0C91BC942}") = "ZERO_CHECK", "..\\ZERO_CHECK.vcxproj", "{6FC0E3D9-4AE4-30DD-B651-DB7BF471B790}"
	ProjectSection(ProjectDependencies) = postProject
	EndProjectSection
EndProject
Project("{8BC9CEB8-8B4A-11D0-8D11-00A0C91BC942}") = "eigen_blas", "..\blas\eigen_blas.vcxproj", "{71B87122-2F7D-3749-BBD2-399A3253D5B2}"
	ProjectSection(ProjectDependencies) = postProject
		{6FC0E3D9-4AE4-30DD-B651-DB7BF471B790} = {6FC0E3D9-4AE4-30DD-B651-DB7BF471B790}
	EndProjectSection
EndProject
Project("{8BC9CEB8-8B4A-11D0-8D11-00A0C91BC942}") = "eigen_lapack", "eigen_lapack.vcxproj", "{872CF62C-B49F-3C2A-89BF-DE1F8B532553}"
	ProjectSection(ProjectDependencies) = postProject
		{6FC0E3D9-4AE4-30DD-B651-DB7BF471B790} = {6FC0E3D9-4AE4-30DD-B651-DB7BF471B790}
		{71B87122-2F7D-3749-BBD2-399A3253D5B2} = {71B87122-2F7D-3749-BBD2-399A3253D5B2}
	EndProjectSection
EndProject
Project("{8BC9CEB8-8B4A-11D0-8D11-00A0C91BC942}") = "eigen_lapack_static", "eigen_lapack_static.vcxproj", "{C4C5B8F5-25D4-3CB2-8D08-27700E0C8F6E}"
	ProjectSection(ProjectDependencies) = postProject
		{6FC0E3D9-4AE4-30DD-B651-DB7BF471B790} = {6FC0E3D9-4AE4-30DD-B651-DB7BF471B790}
	EndProjectSection
EndProject
Project("{8BC9CEB8-8B4A-11D0-8D11-00A0C91BC942}") = "lapack", "lapack.vcxproj", "{3D94C297-0E28-3484-99C4-0FA49016EBB9}"
	ProjectSection(ProjectDependencies) = postProject
		{6FC0E3D9-4AE4-30DD-B651-DB7BF471B790} = {6FC0E3D9-4AE4-30DD-B651-DB7BF471B790}
		{872CF62C-B49F-3C2A-89BF-DE1F8B532553} = {872CF62C-B49F-3C2A-89BF-DE1F8B532553}
		{C4C5B8F5-25D4-3CB2-8D08-27700E0C8F6E} = {C4C5B8F5-25D4-3CB2-8D08-27700E0C8F6E}
	EndProjectSection
EndProject
Global
	GlobalSection(SolutionConfigurationPlatforms) = preSolution
		Debug|x64 = Debug|x64
		Release|x64 = Release|x64
		MinSizeRel|x64 = MinSizeRel|x64
		RelWithDebInfo|x64 = RelWithDebInfo|x64
	EndGlobalSection
	GlobalSection(ProjectConfigurationPlatforms) = postSolution
		{932E9CD6-315D-3749-BCE2-B5B169CA575C}.Debug|x64.ActiveCfg = Debug|x64
		{932E9CD6-315D-3749-BCE2-B5B169CA575C}.Debug|x64.Build.0 = Debug|x64
		{932E9CD6-315D-3749-BCE2-B5B169CA575C}.Release|x64.ActiveCfg = Release|x64
		{932E9CD6-315D-3749-BCE2-B5B169CA575C}.Release|x64.Build.0 = Release|x64
		{932E9CD6-315D-3749-BCE2-B5B169CA575C}.MinSizeRel|x64.ActiveCfg = MinSizeRel|x64
		{932E9CD6-315D-3749-BCE2-B5B169CA575C}.MinSizeRel|x64.Build.0 = MinSizeRel|x64
		{932E9CD6-315D-3749-BCE2-B5B169CA575C}.RelWithDebInfo|x64.ActiveCfg = RelWithDebInfo|x64
		{932E9CD6-315D-3749-BCE2-B5B169CA575C}.RelWithDebInfo|x64.Build.0 = RelWithDebInfo|x64
		{89305626-7D4A-3824-B658-7D4118D2F5C1}.Debug|x64.ActiveCfg = Debug|x64
		{89305626-7D4A-3824-B658-7D4118D2F5C1}.Release|x64.ActiveCfg = Release|x64
		{89305626-7D4A-3824-B658-7D4118D2F5C1}.MinSizeRel|x64.ActiveCfg = MinSizeRel|x64
		{89305626-7D4A-3824-B658-7D4118D2F5C1}.RelWithDebInfo|x64.ActiveCfg = RelWithDebInfo|x64
		{0FD0F265-CC46-3685-885D-2533C5EF2F14}.Debug|x64.ActiveCfg = Debug|x64
		{0FD0F265-CC46-3685-885D-2533C5EF2F14}.Release|x64.ActiveCfg = Release|x64
		{0FD0F265-CC46-3685-885D-2533C5EF2F14}.MinSizeRel|x64.ActiveCfg = MinSizeRel|x64
		{0FD0F265-CC46-3685-885D-2533C5EF2F14}.RelWithDebInfo|x64.ActiveCfg = RelWithDebInfo|x64
		{6FC0E3D9-4AE4-30DD-B651-DB7BF471B790}.Debug|x64.ActiveCfg = Debug|x64
		{6FC0E3D9-4AE4-30DD-B651-DB7BF471B790}.Debug|x64.Build.0 = Debug|x64
		{6FC0E3D9-4AE4-30DD-B651-DB7BF471B790}.Release|x64.ActiveCfg = Release|x64
		{6FC0E3D9-4AE4-30DD-B651-DB7BF471B790}.Release|x64.Build.0 = Release|x64
		{6FC0E3D9-4AE4-30DD-B651-DB7BF471B790}.MinSizeRel|x64.ActiveCfg = MinSizeRel|x64
		{6FC0E3D9-4AE4-30DD-B651-DB7BF471B790}.MinSizeRel|x64.Build.0 = MinSizeRel|x64
		{6FC0E3D9-4AE4-30DD-B651-DB7BF471B790}.RelWithDebInfo|x64.ActiveCfg = RelWithDebInfo|x64
		{6FC0E3D9-4AE4-30DD-B651-DB7BF471B790}.RelWithDebInfo|x64.Build.0 = RelWithDebInfo|x64
		{71B87122-2F7D-3749-BBD2-399A3253D5B2}.Debug|x64.ActiveCfg = Debug|x64
		{71B87122-2F7D-3749-BBD2-399A3253D5B2}.Debug|x64.Build.0 = Debug|x64
		{71B87122-2F7D-3749-BBD2-399A3253D5B2}.Release|x64.ActiveCfg = Release|x64
		{71B87122-2F7D-3749-BBD2-399A3253D5B2}.Release|x64.Build.0 = Release|x64
		{71B87122-2F7D-3749-BBD2-399A3253D5B2}.MinSizeRel|x64.ActiveCfg = MinSizeRel|x64
		{71B87122-2F7D-3749-BBD2-399A3253D5B2}.MinSizeRel|x64.Build.0 = MinSizeRel|x64
		{71B87122-2F7D-3749-BBD2-399A3253D5B2}.RelWithDebInfo|x64.ActiveCfg = RelWithDebInfo|x64
		{71B87122-2F7D-3749-BBD2-399A3253D5B2}.RelWithDebInfo|x64.Build.0 = RelWithDebInfo|x64
		{872CF62C-B49F-3C2A-89BF-DE1F8B532553}.Debug|x64.ActiveCfg = Debug|x64
		{872CF62C-B49F-3C2A-89BF-DE1F8B532553}.Debug|x64.Build.0 = Debug|x64
		{872CF62C-B49F-3C2A-89BF-DE1F8B532553}.Release|x64.ActiveCfg = Release|x64
		{872CF62C-B49F-3C2A-89BF-DE1F8B532553}.Release|x64.Build.0 = Release|x64
		{872CF62C-B49F-3C2A-89BF-DE1F8B532553}.MinSizeRel|x64.ActiveCfg = MinSizeRel|x64
		{872CF62C-B49F-3C2A-89BF-DE1F8B532553}.MinSizeRel|x64.Build.0 = MinSizeRel|x64
		{872CF62C-B49F-3C2A-89BF-DE1F8B532553}.RelWithDebInfo|x64.ActiveCfg = RelWithDebInfo|x64
		{872CF62C-B49F-3C2A-89BF-DE1F8B532553}.RelWithDebInfo|x64.Build.0 = RelWithDebInfo|x64
		{C4C5B8F5-25D4-3CB2-8D08-27700E0C8F6E}.Debug|x64.ActiveCfg = Debug|x64
		{C4C5B8F5-25D4-3CB2-8D08-27700E0C8F6E}.Debug|x64.Build.0 = Debug|x64
		{C4C5B8F5-25D4-3CB2-8D08-27700E0C8F6E}.Release|x64.ActiveCfg = Release|x64
		{C4C5B8F5-25D4-3CB2-8D08-27700E0C8F6E}.Release|x64.Build.0 = Release|x64
		{C4C5B8F5-25D4-3CB2-8D08-27700E0C8F6E}.MinSizeRel|x64.ActiveCfg = MinSizeRel|x64
		{C4C5B8F5-25D4-3CB2-8D08-27700E0C8F6E}.MinSizeRel|x64.Build.0 = MinSizeRel|x64
		{C4C5B8F5-25D4-3CB2-8D08-27700E0C8F6E}.RelWithDebInfo|x64.ActiveCfg = RelWithDebInfo|x64
		{C4C5B8F5-25D4-3CB2-8D08-27700E0C8F6E}.RelWithDebInfo|x64.Build.0 = RelWithDebInfo|x64
		{3D94C297-0E28-3484-99C4-0FA49016EBB9}.Debug|x64.ActiveCfg = Debug|x64
		{3D94C297-0E28-3484-99C4-0FA49016EBB9}.Release|x64.ActiveCfg = Release|x64
		{3D94C297-0E28-3484-99C4-0FA49016EBB9}.MinSizeRel|x64.ActiveCfg = MinSizeRel|x64
		{3D94C297-0E28-3484-99C4-0FA49016EBB9}.RelWithDebInfo|x64.ActiveCfg = RelWithDebInfo|x64
	EndGlobalSection
	GlobalSection(ExtensibilityGlobals) = postSolution
		SolutionGuid = {04FECF30-7EE2-33B0-A133-C0C202BB4191}
	EndGlobalSection
	GlobalSection(ExtensibilityAddIns) = postSolution
	EndGlobalSection
EndGlobal
