<?xml version="1.0" encoding="utf-8"?>
<Project ToolsVersion="17.0" xmlns="http://schemas.microsoft.com/developer/msbuild/2003">
  <ItemGroup>
    <ClCompile Include="C:\IBOIS57\_Code\Software\Python\compas_wood\backend\build_win\install\glfw\tests\threads.c">
      <Filter>Source Files</Filter>
    </ClCompile>
    <ClCompile Include="C:\IBOIS57\_Code\Software\Python\compas_wood\backend\build_win\install\glfw\deps\tinycthread.c">
      <Filter>Source Files</Filter>
    </ClCompile>
    <ClCompile Include="C:\IBOIS57\_Code\Software\Python\compas_wood\backend\build_win\install\glfw\deps\glad_gl.c">
      <Filter>Source Files</Filter>
    </ClCompile>
  </ItemGroup>
  <ItemGroup>
    <ClInclude Include="C:\IBOIS57\_Code\Software\Python\compas_wood\backend\build_win\install\glfw\deps\tinycthread.h">
      <Filter>Header Files</Filter>
    </ClInclude>
    <ClInclude Include="C:\IBOIS57\_Code\Software\Python\compas_wood\backend\build_win\install\glfw\deps\glad\gl.h">
      <Filter>Header Files</Filter>
    </ClInclude>
  </ItemGroup>
  <ItemGroup>
    <CustomBuild Include="C:\IBOIS57\_Code\Software\Python\compas_wood\backend\build_win\install\glfw\tests\CMakeLists.txt" />
  </ItemGroup>
  <ItemGroup>
    <Filter Include="Header Files">
      <UniqueIdentifier>{679FB107-D8E1-3E8A-8A96-D8981FD82885}</UniqueIdentifier>
    </Filter>
    <Filter Include="Source Files">
      <UniqueIdentifier>{F7D1F802-7B9B-3675-A8C8-22F8F1AC301B}</UniqueIdentifier>
    </Filter>
  </ItemGroup>
</Project>
