<?xml version="1.0" encoding="utf-8"?>
<Project ToolsVersion="17.0" xmlns="http://schemas.microsoft.com/developer/msbuild/2003">
  <ItemGroup>
    <ClCompile Include="C:\IBOIS57\_Code\Software\Python\compas_wood\backend\build_win\install\clipper_2\CPP\Clipper2Lib\src\clipper.engine.cpp">
      <Filter>Source Files</Filter>
    </ClCompile>
    <ClCompile Include="C:\IBOIS57\_Code\Software\Python\compas_wood\backend\build_win\install\clipper_2\CPP\Clipper2Lib\src\clipper.offset.cpp">
      <Filter>Source Files</Filter>
    </ClCompile>
  </ItemGroup>
  <ItemGroup>
    <ClInclude Include="C:\IBOIS57\_Code\Software\Python\compas_wood\backend\build_win\install\clipper_2\CPP\Clipper2Lib\include\clipper2\clipper.core.h">
      <Filter>Header Files</Filter>
    </ClInclude>
    <ClInclude Include="C:\IBOIS57\_Code\Software\Python\compas_wood\backend\build_win\install\clipper_2\CPP\Clipper2Lib\include\clipper2\clipper.engine.h">
      <Filter>Header Files</Filter>
    </ClInclude>
    <ClInclude Include="C:\IBOIS57\_Code\Software\Python\compas_wood\backend\build_win\install\clipper_2\CPP\Clipper2Lib\include\clipper2\clipper.h">
      <Filter>Header Files</Filter>
    </ClInclude>
    <ClInclude Include="C:\IBOIS57\_Code\Software\Python\compas_wood\backend\build_win\install\clipper_2\CPP\Clipper2Lib\include\clipper2\clipper.minkowski.h">
      <Filter>Header Files</Filter>
    </ClInclude>
    <ClInclude Include="C:\IBOIS57\_Code\Software\Python\compas_wood\backend\build_win\install\clipper_2\CPP\Clipper2Lib\include\clipper2\clipper.offset.h">
      <Filter>Header Files</Filter>
    </ClInclude>
  </ItemGroup>
  <ItemGroup>
    <CustomBuild Include="C:\IBOIS57\_Code\Software\Python\compas_wood\backend\CMakeLists.txt" />
  </ItemGroup>
  <ItemGroup>
    <Filter Include="Header Files">
      <UniqueIdentifier>{2A5DD342-0D58-3F8A-8B3F-653612A261DB}</UniqueIdentifier>
    </Filter>
    <Filter Include="Source Files">
      <UniqueIdentifier>{01C1F785-3DA3-388C-8040-36BBBEF52E84}</UniqueIdentifier>
    </Filter>
  </ItemGroup>
</Project>
