<?xml version="1.0" encoding="utf-8"?>
<Project ToolsVersion="17.0" xmlns="http://schemas.microsoft.com/developer/msbuild/2003">
  <ItemGroup>
    <CustomBuild Include="C:\IBOIS57\_Code\Software\Python\compas_wood\backend\build_win\CMakeFiles\2c610cf292162cd3839b9da01325bd04\clipper_2-mkdir.rule">
      <Filter>CMake Rules</Filter>
    </CustomBuild>
    <CustomBuild Include="C:\IBOIS57\_Code\Software\Python\compas_wood\backend\build_win\CMakeFiles\2c610cf292162cd3839b9da01325bd04\clipper_2-download.rule">
      <Filter>CMake Rules</Filter>
    </CustomBuild>
    <CustomBuild Include="C:\IBOIS57\_Code\Software\Python\compas_wood\backend\build_win\CMakeFiles\2c610cf292162cd3839b9da01325bd04\clipper_2-update.rule">
      <Filter>CMake Rules</Filter>
    </CustomBuild>
    <CustomBuild Include="C:\IBOIS57\_Code\Software\Python\compas_wood\backend\build_win\CMakeFiles\2c610cf292162cd3839b9da01325bd04\clipper_2-patch.rule">
      <Filter>CMake Rules</Filter>
    </CustomBuild>
    <CustomBuild Include="C:\IBOIS57\_Code\Software\Python\compas_wood\backend\build_win\CMakeFiles\2c610cf292162cd3839b9da01325bd04\clipper_2-configure.rule">
      <Filter>CMake Rules</Filter>
    </CustomBuild>
    <CustomBuild Include="C:\IBOIS57\_Code\Software\Python\compas_wood\backend\build_win\CMakeFiles\2c610cf292162cd3839b9da01325bd04\clipper_2-build.rule">
      <Filter>CMake Rules</Filter>
    </CustomBuild>
    <CustomBuild Include="C:\IBOIS57\_Code\Software\Python\compas_wood\backend\build_win\CMakeFiles\2c610cf292162cd3839b9da01325bd04\clipper_2-install.rule">
      <Filter>CMake Rules</Filter>
    </CustomBuild>
    <CustomBuild Include="C:\IBOIS57\_Code\Software\Python\compas_wood\backend\build_win\CMakeFiles\77c6b3fa8a0fc24a1664936823025f05\clipper_2-complete.rule">
      <Filter>CMake Rules</Filter>
    </CustomBuild>
    <CustomBuild Include="C:\IBOIS57\_Code\Software\Python\compas_wood\backend\build_win\CMakeFiles\b9dfba4f048e03c1599c5b91598ea2e8\clipper_2.rule">
      <Filter>CMake Rules</Filter>
    </CustomBuild>
    <CustomBuild Include="C:\IBOIS57\_Code\Software\Python\compas_wood\backend\CMakeLists.txt" />
  </ItemGroup>
  <ItemGroup>
    <None Include="C:\IBOIS57\_Code\Software\Python\compas_wood\backend\build_win\CMakeFiles\clipper_2" />
  </ItemGroup>
  <ItemGroup>
    <Filter Include="CMake Rules">
      <UniqueIdentifier>{CA68597B-E98B-3107-9F82-8392521FAD41}</UniqueIdentifier>
    </Filter>
  </ItemGroup>
</Project>
