<?xml version="1.0" encoding="utf-8"?>
<Project ToolsVersion="17.0" xmlns="http://schemas.microsoft.com/developer/msbuild/2003">
  <ItemGroup>
    <CustomBuild Include="C:\IBOIS57\_Code\Software\Python\compas_wood\backend\build_win\CMakeFiles\e3aebcab24ac7084896bfe5616d80e98\glm-mkdir.rule">
      <Filter>CMake Rules</Filter>
    </CustomBuild>
    <CustomBuild Include="C:\IBOIS57\_Code\Software\Python\compas_wood\backend\build_win\CMakeFiles\e3aebcab24ac7084896bfe5616d80e98\glm-download.rule">
      <Filter>CMake Rules</Filter>
    </CustomBuild>
    <CustomBuild Include="C:\IBOIS57\_Code\Software\Python\compas_wood\backend\build_win\CMakeFiles\e3aebcab24ac7084896bfe5616d80e98\glm-update.rule">
      <Filter>CMake Rules</Filter>
    </CustomBuild>
    <CustomBuild Include="C:\IBOIS57\_Code\Software\Python\compas_wood\backend\build_win\CMakeFiles\e3aebcab24ac7084896bfe5616d80e98\glm-patch.rule">
      <Filter>CMake Rules</Filter>
    </CustomBuild>
    <CustomBuild Include="C:\IBOIS57\_Code\Software\Python\compas_wood\backend\build_win\CMakeFiles\e3aebcab24ac7084896bfe5616d80e98\glm-configure.rule">
      <Filter>CMake Rules</Filter>
    </CustomBuild>
    <CustomBuild Include="C:\IBOIS57\_Code\Software\Python\compas_wood\backend\build_win\CMakeFiles\e3aebcab24ac7084896bfe5616d80e98\glm-build.rule">
      <Filter>CMake Rules</Filter>
    </CustomBuild>
    <CustomBuild Include="C:\IBOIS57\_Code\Software\Python\compas_wood\backend\build_win\CMakeFiles\e3aebcab24ac7084896bfe5616d80e98\glm-install.rule">
      <Filter>CMake Rules</Filter>
    </CustomBuild>
    <CustomBuild Include="C:\IBOIS57\_Code\Software\Python\compas_wood\backend\build_win\CMakeFiles\77c6b3fa8a0fc24a1664936823025f05\glm-complete.rule">
      <Filter>CMake Rules</Filter>
    </CustomBuild>
    <CustomBuild Include="C:\IBOIS57\_Code\Software\Python\compas_wood\backend\build_win\CMakeFiles\b9dfba4f048e03c1599c5b91598ea2e8\glm.rule">
      <Filter>CMake Rules</Filter>
    </CustomBuild>
    <CustomBuild Include="C:\IBOIS57\_Code\Software\Python\compas_wood\backend\CMakeLists.txt" />
  </ItemGroup>
  <ItemGroup>
    <None Include="C:\IBOIS57\_Code\Software\Python\compas_wood\backend\build_win\CMakeFiles\glm" />
  </ItemGroup>
  <ItemGroup>
    <Filter Include="CMake Rules">
      <UniqueIdentifier>{CA68597B-E98B-3107-9F82-8392521FAD41}</UniqueIdentifier>
    </Filter>
  </ItemGroup>
</Project>
