
Microsoft Visual Studio Solution File, Format Version 12.00
# Visual Studio Version 17
Project("{2150E333-8FDC-42A3-9474-1A3956D46DE8}") = "CMakePredefinedTargets", "CMakePredefinedTargets", "{2452EAB0-B38C-3122-A676-A43847389537}"
EndProject
Project("{8BC9CEB8-8B4A-11D0-8D11-00A0C91BC942}") = "ALL_BUILD", "ALL_BUILD.vcxproj", "{603C139F-10C4-368E-8391-A2ECCB4B23D4}"
	ProjectSection(ProjectDependencies) = postProject
		{48216797-83C6-35DC-BB0E-BC0AB9A00EB3} = {48216797-83C6-35DC-BB0E-BC0AB9A00EB3}
		{7AEE947E-638C-3F44-B6CA-A62F9946E6D9} = {7AEE947E-638C-3F44-B6CA-A62F9946E6D9}
		{03F1FB87-D48B-3000-B134-2004AB9A4D40} = {03F1FB87-D48B-3000-B134-2004AB9A4D40}
		{A9F3206D-571C-344B-AA65-291FD5C8DE40} = {A9F3206D-571C-344B-AA65-291FD5C8DE40}
		{6E8BF861-17A5-3584-8FAC-2A42BFF2E5B5} = {6E8BF861-17A5-3584-8FAC-2A42BFF2E5B5}
	EndProjectSection
EndProject
Project("{8BC9CEB8-8B4A-11D0-8D11-00A0C91BC942}") = "Clipper2", "Clipper2.vcxproj", "{48216797-83C6-35DC-BB0E-BC0AB9A00EB3}"
	ProjectSection(ProjectDependencies) = postProject
		{03F1FB87-D48B-3000-B134-2004AB9A4D40} = {03F1FB87-D48B-3000-B134-2004AB9A4D40}
	EndProjectSection
EndProject
Project("{8BC9CEB8-8B4A-11D0-8D11-00A0C91BC942}") = "STB", "STB.vcxproj", "{7AEE947E-638C-3F44-B6CA-A62F9946E6D9}"
	ProjectSection(ProjectDependencies) = postProject
		{03F1FB87-D48B-3000-B134-2004AB9A4D40} = {03F1FB87-D48B-3000-B134-2004AB9A4D40}
	EndProjectSection
EndProject
Project("{8BC9CEB8-8B4A-11D0-8D11-00A0C91BC942}") = "ZERO_CHECK", "ZERO_CHECK.vcxproj", "{03F1FB87-D48B-3000-B134-2004AB9A4D40}"
	ProjectSection(ProjectDependencies) = postProject
	EndProjectSection
EndProject
Project("{8BC9CEB8-8B4A-11D0-8D11-00A0C91BC942}") = "imgui_lib", "imgui_lib.vcxproj", "{A9F3206D-571C-344B-AA65-291FD5C8DE40}"
	ProjectSection(ProjectDependencies) = postProject
		{03F1FB87-D48B-3000-B134-2004AB9A4D40} = {03F1FB87-D48B-3000-B134-2004AB9A4D40}
	EndProjectSection
EndProject
Project("{8BC9CEB8-8B4A-11D0-8D11-00A0C91BC942}") = "wood", "wood.vcxproj", "{6E8BF861-17A5-3584-8FAC-2A42BFF2E5B5}"
	ProjectSection(ProjectDependencies) = postProject
		{48216797-83C6-35DC-BB0E-BC0AB9A00EB3} = {48216797-83C6-35DC-BB0E-BC0AB9A00EB3}
		{03F1FB87-D48B-3000-B134-2004AB9A4D40} = {03F1FB87-D48B-3000-B134-2004AB9A4D40}
		{A9F3206D-571C-344B-AA65-291FD5C8DE40} = {A9F3206D-571C-344B-AA65-291FD5C8DE40}
	EndProjectSection
EndProject
Global
	GlobalSection(SolutionConfigurationPlatforms) = preSolution
		Debug|x64 = Debug|x64
		Release|x64 = Release|x64
		MinSizeRel|x64 = MinSizeRel|x64
		RelWithDebInfo|x64 = RelWithDebInfo|x64
	EndGlobalSection
	GlobalSection(ProjectConfigurationPlatforms) = postSolution
		{603C139F-10C4-368E-8391-A2ECCB4B23D4}.Debug|x64.ActiveCfg = Debug|x64
		{603C139F-10C4-368E-8391-A2ECCB4B23D4}.Release|x64.ActiveCfg = Release|x64
		{603C139F-10C4-368E-8391-A2ECCB4B23D4}.MinSizeRel|x64.ActiveCfg = MinSizeRel|x64
		{603C139F-10C4-368E-8391-A2ECCB4B23D4}.RelWithDebInfo|x64.ActiveCfg = RelWithDebInfo|x64
		{48216797-83C6-35DC-BB0E-BC0AB9A00EB3}.Debug|x64.ActiveCfg = Debug|x64
		{48216797-83C6-35DC-BB0E-BC0AB9A00EB3}.Debug|x64.Build.0 = Debug|x64
		{48216797-83C6-35DC-BB0E-BC0AB9A00EB3}.Release|x64.ActiveCfg = Release|x64
		{48216797-83C6-35DC-BB0E-BC0AB9A00EB3}.Release|x64.Build.0 = Release|x64
		{48216797-83C6-35DC-BB0E-BC0AB9A00EB3}.MinSizeRel|x64.ActiveCfg = MinSizeRel|x64
		{48216797-83C6-35DC-BB0E-BC0AB9A00EB3}.MinSizeRel|x64.Build.0 = MinSizeRel|x64
		{48216797-83C6-35DC-BB0E-BC0AB9A00EB3}.RelWithDebInfo|x64.ActiveCfg = RelWithDebInfo|x64
		{48216797-83C6-35DC-BB0E-BC0AB9A00EB3}.RelWithDebInfo|x64.Build.0 = RelWithDebInfo|x64
		{7AEE947E-638C-3F44-B6CA-A62F9946E6D9}.Debug|x64.ActiveCfg = Debug|x64
		{7AEE947E-638C-3F44-B6CA-A62F9946E6D9}.Debug|x64.Build.0 = Debug|x64
		{7AEE947E-638C-3F44-B6CA-A62F9946E6D9}.Release|x64.ActiveCfg = Release|x64
		{7AEE947E-638C-3F44-B6CA-A62F9946E6D9}.Release|x64.Build.0 = Release|x64
		{7AEE947E-638C-3F44-B6CA-A62F9946E6D9}.MinSizeRel|x64.ActiveCfg = MinSizeRel|x64
		{7AEE947E-638C-3F44-B6CA-A62F9946E6D9}.MinSizeRel|x64.Build.0 = MinSizeRel|x64
		{7AEE947E-638C-3F44-B6CA-A62F9946E6D9}.RelWithDebInfo|x64.ActiveCfg = RelWithDebInfo|x64
		{7AEE947E-638C-3F44-B6CA-A62F9946E6D9}.RelWithDebInfo|x64.Build.0 = RelWithDebInfo|x64
		{03F1FB87-D48B-3000-B134-2004AB9A4D40}.Debug|x64.ActiveCfg = Debug|x64
		{03F1FB87-D48B-3000-B134-2004AB9A4D40}.Debug|x64.Build.0 = Debug|x64
		{03F1FB87-D48B-3000-B134-2004AB9A4D40}.Release|x64.ActiveCfg = Release|x64
		{03F1FB87-D48B-3000-B134-2004AB9A4D40}.Release|x64.Build.0 = Release|x64
		{03F1FB87-D48B-3000-B134-2004AB9A4D40}.MinSizeRel|x64.ActiveCfg = MinSizeRel|x64
		{03F1FB87-D48B-3000-B134-2004AB9A4D40}.MinSizeRel|x64.Build.0 = MinSizeRel|x64
		{03F1FB87-D48B-3000-B134-2004AB9A4D40}.RelWithDebInfo|x64.ActiveCfg = RelWithDebInfo|x64
		{03F1FB87-D48B-3000-B134-2004AB9A4D40}.RelWithDebInfo|x64.Build.0 = RelWithDebInfo|x64
		{A9F3206D-571C-344B-AA65-291FD5C8DE40}.Debug|x64.ActiveCfg = Debug|x64
		{A9F3206D-571C-344B-AA65-291FD5C8DE40}.Debug|x64.Build.0 = Debug|x64
		{A9F3206D-571C-344B-AA65-291FD5C8DE40}.Release|x64.ActiveCfg = Release|x64
		{A9F3206D-571C-344B-AA65-291FD5C8DE40}.Release|x64.Build.0 = Release|x64
		{A9F3206D-571C-344B-AA65-291FD5C8DE40}.MinSizeRel|x64.ActiveCfg = MinSizeRel|x64
		{A9F3206D-571C-344B-AA65-291FD5C8DE40}.MinSizeRel|x64.Build.0 = MinSizeRel|x64
		{A9F3206D-571C-344B-AA65-291FD5C8DE40}.RelWithDebInfo|x64.ActiveCfg = RelWithDebInfo|x64
		{A9F3206D-571C-344B-AA65-291FD5C8DE40}.RelWithDebInfo|x64.Build.0 = RelWithDebInfo|x64
		{6E8BF861-17A5-3584-8FAC-2A42BFF2E5B5}.Debug|x64.ActiveCfg = Debug|x64
		{6E8BF861-17A5-3584-8FAC-2A42BFF2E5B5}.Debug|x64.Build.0 = Debug|x64
		{6E8BF861-17A5-3584-8FAC-2A42BFF2E5B5}.Release|x64.ActiveCfg = Release|x64
		{6E8BF861-17A5-3584-8FAC-2A42BFF2E5B5}.Release|x64.Build.0 = Release|x64
		{6E8BF861-17A5-3584-8FAC-2A42BFF2E5B5}.MinSizeRel|x64.ActiveCfg = MinSizeRel|x64
		{6E8BF861-17A5-3584-8FAC-2A42BFF2E5B5}.MinSizeRel|x64.Build.0 = MinSizeRel|x64
		{6E8BF861-17A5-3584-8FAC-2A42BFF2E5B5}.RelWithDebInfo|x64.ActiveCfg = RelWithDebInfo|x64
		{6E8BF861-17A5-3584-8FAC-2A42BFF2E5B5}.RelWithDebInfo|x64.Build.0 = RelWithDebInfo|x64
	EndGlobalSection
	GlobalSection(NestedProjects) = preSolution
		{603C139F-10C4-368E-8391-A2ECCB4B23D4} = {2452EAB0-B38C-3122-A676-A43847389537}
		{03F1FB87-D48B-3000-B134-2004AB9A4D40} = {2452EAB0-B38C-3122-A676-A43847389537}
	EndGlobalSection
	GlobalSection(ExtensibilityGlobals) = postSolution
		SolutionGuid = {7B51C4ED-2683-3F9A-BB6B-084F4C322F8D}
	EndGlobalSection
	GlobalSection(ExtensibilityAddIns) = postSolution
	EndGlobalSection
EndGlobal
