<?xml version="1.0" encoding="utf-8"?>
<Project ToolsVersion="17.0" xmlns="http://schemas.microsoft.com/developer/msbuild/2003">
  <ItemGroup>
    <ClCompile Include="C:\IBOIS57\_Code\Software\Python\compas_wood\backend\build_win\CMakeFiles\wood.dir\cmake_pch.cxx">
      <Filter>Source Files</Filter>
    </ClCompile>
    <ClCompile Include="C:\IBOIS57\_Code\Software\Python\compas_wood\backend\main.cpp">
      <Filter>Source Files</Filter>
    </ClCompile>
    <ClCompile Include="C:\IBOIS57\_Code\Software\Python\compas_wood\backend\src\wood\include\wood_globals.cpp">
      <Filter>Source Files</Filter>
    </ClCompile>
    <ClCompile Include="C:\IBOIS57\_Code\Software\Python\compas_wood\backend\src\wood\include\cgal_box_util.cpp">
      <Filter>Source Files</Filter>
    </ClCompile>
    <ClCompile Include="C:\IBOIS57\_Code\Software\Python\compas_wood\backend\src\wood\include\rtree_util.cpp">
      <Filter>Source Files</Filter>
    </ClCompile>
    <ClCompile Include="C:\IBOIS57\_Code\Software\Python\compas_wood\backend\src\wood\include\cgal_inscribe_util.cpp">
      <Filter>Source Files</Filter>
    </ClCompile>
    <ClCompile Include="C:\IBOIS57\_Code\Software\Python\compas_wood\backend\src\wood\include\cgal_intersection_util.cpp">
      <Filter>Source Files</Filter>
    </ClCompile>
    <ClCompile Include="C:\IBOIS57\_Code\Software\Python\compas_wood\backend\src\wood\include\cgal_xform_util.cpp">
      <Filter>Source Files</Filter>
    </ClCompile>
    <ClCompile Include="C:\IBOIS57\_Code\Software\Python\compas_wood\backend\src\wood\include\cgal_math_util.cpp">
      <Filter>Source Files</Filter>
    </ClCompile>
    <ClCompile Include="C:\IBOIS57\_Code\Software\Python\compas_wood\backend\src\wood\include\cgal_plane_util.cpp">
      <Filter>Source Files</Filter>
    </ClCompile>
    <ClCompile Include="C:\IBOIS57\_Code\Software\Python\compas_wood\backend\src\wood\include\cgal_polyline_mesh_util.cpp">
      <Filter>Source Files</Filter>
    </ClCompile>
    <ClCompile Include="C:\IBOIS57\_Code\Software\Python\compas_wood\backend\src\wood\include\cgal_rectangle_util.cpp">
      <Filter>Source Files</Filter>
    </ClCompile>
    <ClCompile Include="C:\IBOIS57\_Code\Software\Python\compas_wood\backend\src\wood\include\clipper_util.cpp">
      <Filter>Source Files</Filter>
    </ClCompile>
    <ClCompile Include="C:\IBOIS57\_Code\Software\Python\compas_wood\backend\src\wood\include\wood_element.cpp">
      <Filter>Source Files</Filter>
    </ClCompile>
    <ClCompile Include="C:\IBOIS57\_Code\Software\Python\compas_wood\backend\src\wood\include\wood_joint.cpp">
      <Filter>Source Files</Filter>
    </ClCompile>
    <ClCompile Include="C:\IBOIS57\_Code\Software\Python\compas_wood\backend\src\wood\include\wood_joint_lib.cpp">
      <Filter>Source Files</Filter>
    </ClCompile>
    <ClCompile Include="C:\IBOIS57\_Code\Software\Python\compas_wood\backend\src\wood\include\wood_test.cpp">
      <Filter>Source Files</Filter>
    </ClCompile>
    <ClCompile Include="C:\IBOIS57\_Code\Software\Python\compas_wood\backend\src\wood\include\wood_main.cpp">
      <Filter>Source Files</Filter>
    </ClCompile>
    <ClCompile Include="C:\IBOIS57\_Code\Software\Python\compas_wood\backend\src\wood\include\viewer_wood.cpp">
      <Filter>Source Files</Filter>
    </ClCompile>
    <ClCompile Include="C:\IBOIS57\_Code\Software\Python\compas_wood\backend\src\wood\include\wood_xml.cpp">
      <Filter>Source Files</Filter>
    </ClCompile>
    <ClCompile Include="C:\IBOIS57\_Code\Software\Python\compas_wood\backend\src\wood\include\cgal_mesh_boolean.cpp">
      <Filter>Source Files</Filter>
    </ClCompile>
    <ClCompile Include="C:\IBOIS57\_Code\Software\Python\compas_wood\backend\src\viewer\include\opengl\opengl_globals_geometry.cpp">
      <Filter>Source Files</Filter>
    </ClCompile>
    <ClCompile Include="C:\IBOIS57\_Code\Software\Python\compas_wood\backend\src\viewer\include\opengl\opengl_globals.cpp">
      <Filter>Source Files</Filter>
    </ClCompile>
  </ItemGroup>
  <ItemGroup>
    <ClInclude Include="C:\IBOIS57\_Code\Software\Python\compas_wood\backend\build_win\CMakeFiles\wood.dir\Debug\cmake_pch.hxx">
      <Filter>Precompile Header File</Filter>
    </ClInclude>
    <ClInclude Include="C:\IBOIS57\_Code\Software\Python\compas_wood\backend\build_win\CMakeFiles\wood.dir\Release\cmake_pch.hxx">
      <Filter>Precompile Header File</Filter>
    </ClInclude>
    <ClInclude Include="C:\IBOIS57\_Code\Software\Python\compas_wood\backend\build_win\CMakeFiles\wood.dir\MinSizeRel\cmake_pch.hxx">
      <Filter>Precompile Header File</Filter>
    </ClInclude>
    <ClInclude Include="C:\IBOIS57\_Code\Software\Python\compas_wood\backend\build_win\CMakeFiles\wood.dir\RelWithDebInfo\cmake_pch.hxx">
      <Filter>Precompile Header File</Filter>
    </ClInclude>
  </ItemGroup>
  <ItemGroup>
    <CustomBuild Include="C:\IBOIS57\_Code\Software\Python\compas_wood\backend\CMakeLists.txt" />
  </ItemGroup>
  <ItemGroup>
    <Filter Include="Precompile Header File">
      <UniqueIdentifier>{C2DF47AB-3669-3966-BE9B-EAA4F659C2BA}</UniqueIdentifier>
    </Filter>
    <Filter Include="Source Files">
      <UniqueIdentifier>{01C1F785-3DA3-388C-8040-36BBBEF52E84}</UniqueIdentifier>
    </Filter>
  </ItemGroup>
</Project>
