
Microsoft Visual Studio Solution File, Format Version 12.00
# Visual Studio Version 17
Project("{8BC9CEB8-8B4A-11D0-8D11-00A0C91BC942}") = "ALL_BUILD", "ALL_BUILD.vcxproj", "{C7365847-2522-378D-BA5B-6EFD1D3E2328}"
	ProjectSection(ProjectDependencies) = postProject
		{0EC2B891-F266-32FB-95A4-E5A594370B6E} = {0EC2B891-F266-32FB-95A4-E5A594370B6E}
		{BE38F7C5-4535-3F8A-9D47-F611A8DB7F1F} = {BE38F7C5-4535-3F8A-9D47-F611A8DB7F1F}
		{F91F23D1-EFDE-31B1-B9E6-227284899BA0} = {F91F23D1-EFDE-31B1-B9E6-227284899BA0}
		{F1FE88A6-2685-3303-A305-B94AF3983604} = {F1FE88A6-2685-3303-A305-B94AF3983604}
		{E8CF04A4-60A4-3599-96FE-AB3A295C2C66} = {E8CF04A4-60A4-3599-96FE-AB3A295C2C66}
	EndProjectSection
EndProject
Project("{8BC9CEB8-8B4A-11D0-8D11-00A0C91BC942}") = "INSTALL", "INSTALL.vcxproj", "{95275ECB-B2FC-3308-97CE-F3F7C4122633}"
	ProjectSection(ProjectDependencies) = postProject
		{C7365847-2522-378D-BA5B-6EFD1D3E2328} = {C7365847-2522-378D-BA5B-6EFD1D3E2328}
		{0EC2B891-F266-32FB-95A4-E5A594370B6E} = {0EC2B891-F266-32FB-95A4-E5A594370B6E}
	EndProjectSection
EndProject
Project("{8BC9CEB8-8B4A-11D0-8D11-00A0C91BC942}") = "RUN_TESTS", "RUN_TESTS.vcxproj", "{C8B7B32C-52C7-3F3B-8371-6E2B1FDF3F15}"
	ProjectSection(ProjectDependencies) = postProject
		{0EC2B891-F266-32FB-95A4-E5A594370B6E} = {0EC2B891-F266-32FB-95A4-E5A594370B6E}
	EndProjectSection
EndProject
Project("{8BC9CEB8-8B4A-11D0-8D11-00A0C91BC942}") = "ZERO_CHECK", "ZERO_CHECK.vcxproj", "{0EC2B891-F266-32FB-95A4-E5A594370B6E}"
	ProjectSection(ProjectDependencies) = postProject
	EndProjectSection
EndProject
Project("{8BC9CEB8-8B4A-11D0-8D11-00A0C91BC942}") = "gmock", "googlemock\gmock.vcxproj", "{BE38F7C5-4535-3F8A-9D47-F611A8DB7F1F}"
	ProjectSection(ProjectDependencies) = postProject
		{0EC2B891-F266-32FB-95A4-E5A594370B6E} = {0EC2B891-F266-32FB-95A4-E5A594370B6E}
	EndProjectSection
EndProject
Project("{8BC9CEB8-8B4A-11D0-8D11-00A0C91BC942}") = "gmock_main", "googlemock\gmock_main.vcxproj", "{F91F23D1-EFDE-31B1-B9E6-227284899BA0}"
	ProjectSection(ProjectDependencies) = postProject
		{0EC2B891-F266-32FB-95A4-E5A594370B6E} = {0EC2B891-F266-32FB-95A4-E5A594370B6E}
	EndProjectSection
EndProject
Project("{8BC9CEB8-8B4A-11D0-8D11-00A0C91BC942}") = "gtest", "googletest\gtest.vcxproj", "{F1FE88A6-2685-3303-A305-B94AF3983604}"
	ProjectSection(ProjectDependencies) = postProject
		{0EC2B891-F266-32FB-95A4-E5A594370B6E} = {0EC2B891-F266-32FB-95A4-E5A594370B6E}
	EndProjectSection
EndProject
Project("{8BC9CEB8-8B4A-11D0-8D11-00A0C91BC942}") = "gtest_main", "googletest\gtest_main.vcxproj", "{E8CF04A4-60A4-3599-96FE-AB3A295C2C66}"
	ProjectSection(ProjectDependencies) = postProject
		{0EC2B891-F266-32FB-95A4-E5A594370B6E} = {0EC2B891-F266-32FB-95A4-E5A594370B6E}
		{F1FE88A6-2685-3303-A305-B94AF3983604} = {F1FE88A6-2685-3303-A305-B94AF3983604}
	EndProjectSection
EndProject
Global
	GlobalSection(SolutionConfigurationPlatforms) = preSolution
		Debug|x64 = Debug|x64
		Release|x64 = Release|x64
		MinSizeRel|x64 = MinSizeRel|x64
		RelWithDebInfo|x64 = RelWithDebInfo|x64
	EndGlobalSection
	GlobalSection(ProjectConfigurationPlatforms) = postSolution
		{C7365847-2522-378D-BA5B-6EFD1D3E2328}.Debug|x64.ActiveCfg = Debug|x64
		{C7365847-2522-378D-BA5B-6EFD1D3E2328}.Debug|x64.Build.0 = Debug|x64
		{C7365847-2522-378D-BA5B-6EFD1D3E2328}.Release|x64.ActiveCfg = Release|x64
		{C7365847-2522-378D-BA5B-6EFD1D3E2328}.Release|x64.Build.0 = Release|x64
		{C7365847-2522-378D-BA5B-6EFD1D3E2328}.MinSizeRel|x64.ActiveCfg = MinSizeRel|x64
		{C7365847-2522-378D-BA5B-6EFD1D3E2328}.MinSizeRel|x64.Build.0 = MinSizeRel|x64
		{C7365847-2522-378D-BA5B-6EFD1D3E2328}.RelWithDebInfo|x64.ActiveCfg = RelWithDebInfo|x64
		{C7365847-2522-378D-BA5B-6EFD1D3E2328}.RelWithDebInfo|x64.Build.0 = RelWithDebInfo|x64
		{95275ECB-B2FC-3308-97CE-F3F7C4122633}.Debug|x64.ActiveCfg = Debug|x64
		{95275ECB-B2FC-3308-97CE-F3F7C4122633}.Release|x64.ActiveCfg = Release|x64
		{95275ECB-B2FC-3308-97CE-F3F7C4122633}.MinSizeRel|x64.ActiveCfg = MinSizeRel|x64
		{95275ECB-B2FC-3308-97CE-F3F7C4122633}.RelWithDebInfo|x64.ActiveCfg = RelWithDebInfo|x64
		{C8B7B32C-52C7-3F3B-8371-6E2B1FDF3F15}.Debug|x64.ActiveCfg = Debug|x64
		{C8B7B32C-52C7-3F3B-8371-6E2B1FDF3F15}.Release|x64.ActiveCfg = Release|x64
		{C8B7B32C-52C7-3F3B-8371-6E2B1FDF3F15}.MinSizeRel|x64.ActiveCfg = MinSizeRel|x64
		{C8B7B32C-52C7-3F3B-8371-6E2B1FDF3F15}.RelWithDebInfo|x64.ActiveCfg = RelWithDebInfo|x64
		{0EC2B891-F266-32FB-95A4-E5A594370B6E}.Debug|x64.ActiveCfg = Debug|x64
		{0EC2B891-F266-32FB-95A4-E5A594370B6E}.Debug|x64.Build.0 = Debug|x64
		{0EC2B891-F266-32FB-95A4-E5A594370B6E}.Release|x64.ActiveCfg = Release|x64
		{0EC2B891-F266-32FB-95A4-E5A594370B6E}.Release|x64.Build.0 = Release|x64
		{0EC2B891-F266-32FB-95A4-E5A594370B6E}.MinSizeRel|x64.ActiveCfg = MinSizeRel|x64
		{0EC2B891-F266-32FB-95A4-E5A594370B6E}.MinSizeRel|x64.Build.0 = MinSizeRel|x64
		{0EC2B891-F266-32FB-95A4-E5A594370B6E}.RelWithDebInfo|x64.ActiveCfg = RelWithDebInfo|x64
		{0EC2B891-F266-32FB-95A4-E5A594370B6E}.RelWithDebInfo|x64.Build.0 = RelWithDebInfo|x64
		{BE38F7C5-4535-3F8A-9D47-F611A8DB7F1F}.Debug|x64.ActiveCfg = Debug|x64
		{BE38F7C5-4535-3F8A-9D47-F611A8DB7F1F}.Debug|x64.Build.0 = Debug|x64
		{BE38F7C5-4535-3F8A-9D47-F611A8DB7F1F}.Release|x64.ActiveCfg = Release|x64
		{BE38F7C5-4535-3F8A-9D47-F611A8DB7F1F}.Release|x64.Build.0 = Release|x64
		{BE38F7C5-4535-3F8A-9D47-F611A8DB7F1F}.MinSizeRel|x64.ActiveCfg = MinSizeRel|x64
		{BE38F7C5-4535-3F8A-9D47-F611A8DB7F1F}.MinSizeRel|x64.Build.0 = MinSizeRel|x64
		{BE38F7C5-4535-3F8A-9D47-F611A8DB7F1F}.RelWithDebInfo|x64.ActiveCfg = RelWithDebInfo|x64
		{BE38F7C5-4535-3F8A-9D47-F611A8DB7F1F}.RelWithDebInfo|x64.Build.0 = RelWithDebInfo|x64
		{F91F23D1-EFDE-31B1-B9E6-227284899BA0}.Debug|x64.ActiveCfg = Debug|x64
		{F91F23D1-EFDE-31B1-B9E6-227284899BA0}.Debug|x64.Build.0 = Debug|x64
		{F91F23D1-EFDE-31B1-B9E6-227284899BA0}.Release|x64.ActiveCfg = Release|x64
		{F91F23D1-EFDE-31B1-B9E6-227284899BA0}.Release|x64.Build.0 = Release|x64
		{F91F23D1-EFDE-31B1-B9E6-227284899BA0}.MinSizeRel|x64.ActiveCfg = MinSizeRel|x64
		{F91F23D1-EFDE-31B1-B9E6-227284899BA0}.MinSizeRel|x64.Build.0 = MinSizeRel|x64
		{F91F23D1-EFDE-31B1-B9E6-227284899BA0}.RelWithDebInfo|x64.ActiveCfg = RelWithDebInfo|x64
		{F91F23D1-EFDE-31B1-B9E6-227284899BA0}.RelWithDebInfo|x64.Build.0 = RelWithDebInfo|x64
		{F1FE88A6-2685-3303-A305-B94AF3983604}.Debug|x64.ActiveCfg = Debug|x64
		{F1FE88A6-2685-3303-A305-B94AF3983604}.Debug|x64.Build.0 = Debug|x64
		{F1FE88A6-2685-3303-A305-B94AF3983604}.Release|x64.ActiveCfg = Release|x64
		{F1FE88A6-2685-3303-A305-B94AF3983604}.Release|x64.Build.0 = Release|x64
		{F1FE88A6-2685-3303-A305-B94AF3983604}.MinSizeRel|x64.ActiveCfg = MinSizeRel|x64
		{F1FE88A6-2685-3303-A305-B94AF3983604}.MinSizeRel|x64.Build.0 = MinSizeRel|x64
		{F1FE88A6-2685-3303-A305-B94AF3983604}.RelWithDebInfo|x64.ActiveCfg = RelWithDebInfo|x64
		{F1FE88A6-2685-3303-A305-B94AF3983604}.RelWithDebInfo|x64.Build.0 = RelWithDebInfo|x64
		{E8CF04A4-60A4-3599-96FE-AB3A295C2C66}.Debug|x64.ActiveCfg = Debug|x64
		{E8CF04A4-60A4-3599-96FE-AB3A295C2C66}.Debug|x64.Build.0 = Debug|x64
		{E8CF04A4-60A4-3599-96FE-AB3A295C2C66}.Release|x64.ActiveCfg = Release|x64
		{E8CF04A4-60A4-3599-96FE-AB3A295C2C66}.Release|x64.Build.0 = Release|x64
		{E8CF04A4-60A4-3599-96FE-AB3A295C2C66}.MinSizeRel|x64.ActiveCfg = MinSizeRel|x64
		{E8CF04A4-60A4-3599-96FE-AB3A295C2C66}.MinSizeRel|x64.Build.0 = MinSizeRel|x64
		{E8CF04A4-60A4-3599-96FE-AB3A295C2C66}.RelWithDebInfo|x64.ActiveCfg = RelWithDebInfo|x64
		{E8CF04A4-60A4-3599-96FE-AB3A295C2C66}.RelWithDebInfo|x64.Build.0 = RelWithDebInfo|x64
	EndGlobalSection
	GlobalSection(ExtensibilityGlobals) = postSolution
		SolutionGuid = {C4309FF7-4C07-3FE5-BAB0-AECD0FC97DAE}
	EndGlobalSection
	GlobalSection(ExtensibilityAddIns) = postSolution
	EndGlobalSection
EndGlobal
