<?xml version="1.0" encoding="utf-8"?>
<Project ToolsVersion="17.0" xmlns="http://schemas.microsoft.com/developer/msbuild/2003">
  <ItemGroup>
    <CustomBuild Include="C:\IBOIS57\_Code\Software\Python\compas_wood\backend\build_win\install\googletest\src\googletest-build\CMakeFiles\03cd18a52b67d8b1fd9317462fb57872\INSTALL_force.rule">
      <Filter>CMake Rules</Filter>
    </CustomBuild>
  </ItemGroup>
  <ItemGroup>
    <Filter Include="CMake Rules">
      <UniqueIdentifier>{D93149F9-7AA0-35F4-925F-07129FDD38D1}</UniqueIdentifier>
    </Filter>
  </ItemGroup>
</Project>
