<?xml version="1.0" encoding="utf-8"?>
<Project ToolsVersion="17.0" xmlns="http://schemas.microsoft.com/developer/msbuild/2003">
  <ItemGroup>
    <CustomBuild Include="C:\IBOIS57\_Code\Software\Python\compas_wood\backend\build_win\eigen-prefix\src\eigen-build\CMakeFiles\5c6616f44af059acfc86dfea4b320cdf\INSTALL_force.rule">
      <Filter>CMake Rules</Filter>
    </CustomBuild>
  </ItemGroup>
  <ItemGroup>
    <Filter Include="CMake Rules">
      <UniqueIdentifier>{8638D150-4DE0-3AC1-A6FB-747856BC9739}</UniqueIdentifier>
    </Filter>
  </ItemGroup>
</Project>
