
Microsoft Visual Studio Solution File, Format Version 12.00
# Visual Studio Version 17
VisualStudioVersion = 17.1.32228.430
MinimumVisualStudioVersion = 10.0.40219.1
Project("{FAE04EC0-301F-11D3-BF4B-00C04F79EFBC}") = "rhino_util", "rhino_util\rhino_util.csproj", "{6CA5430F-93CF-4933-9D3A-3B5D1596ADFF}"
EndProject
Project("{FAE04EC0-301F-11D3-BF4B-00C04F79EFBC}") = "joint_solver_net_console", "joint_solver_net_console\joint_solver_net_console.csproj", "{6805723A-4FC7-4655-A389-B1CB8517E80D}"
EndProject
Project("{8BC9CEB8-8B4A-11D0-8D11-00A0C91BC942}") = "joinery_solver_viewer", "joinery_solver_viewer\joinery_solver_viewer.vcxproj", "{A924C778-C6C3-48E7-A32D-D2AFB5A0AC4F}"
EndProject
Project("{8BC9CEB8-8B4A-11D0-8D11-00A0C91BC942}") = "cpp_console_test", "cpp_console_test\cpp_console_test.vcxproj", "{C0C5736F-9D29-470A-BE6F-8DDB189A3D1B}"
EndProject
Project("{2150E333-8FDC-42A3-9474-1A3956D46DE8}") = "Solution Items", "Solution Items", "{B715EE8F-2757-4917-957C-6E8F5E5B45B5}"
EndProject
Project("{FAE04EC0-301F-11D3-BF4B-00C04F79EFBC}") = "joinery_solver_gh", "joinery_solver_gh\joinery_solver_gh.csproj", "{A64F2A86-3B31-406C-81FC-ADC7D5891688}"
EndProject
Project("{8BC9CEB8-8B4A-11D0-8D11-00A0C91BC942}") = "joinery_solver_pinvoke", "joinery_solver_pinvoke\joinery_solver_pinvoke.vcxproj", "{B4399166-D74C-4169-916E-48C5100C3DE5}"
EndProject
Project("{FAE04EC0-301F-11D3-BF4B-00C04F79EFBC}") = "joinery_solver_net", "joinery_solver_net\joinery_solver_net.csproj", "{12735E36-9859-4C02-B754-3A756FD1CD62}"
EndProject
Project("{8BC9CEB8-8B4A-11D0-8D11-00A0C91BC942}") = "joinery_solver", "joinery_solver\joinery_solver.vcxproj", "{A5F8FDB5-C3A6-47E0-9337-7FB67444F513}"
EndProject
Project("{FAE04EC0-301F-11D3-BF4B-00C04F79EFBC}") = "joinery_solver_net_rhino_command_line", "joinery_solver_net_rhino_command_line\joinery_solver_net_rhino_command_line.csproj", "{94CAAE70-D62B-4E71-9276-D5EECEA912C8}"
EndProject
Global
	GlobalSection(SolutionConfigurationPlatforms) = preSolution
		Debug|Any CPU = Debug|Any CPU
		Debug|x64 = Debug|x64
		Debug|x86 = Debug|x86
		Release|Any CPU = Release|Any CPU
		Release|x64 = Release|x64
		Release|x86 = Release|x86
	EndGlobalSection
	GlobalSection(ProjectConfigurationPlatforms) = postSolution
		{6CA5430F-93CF-4933-9D3A-3B5D1596ADFF}.Debug|Any CPU.ActiveCfg = Debug|x64
		{6CA5430F-93CF-4933-9D3A-3B5D1596ADFF}.Debug|Any CPU.Build.0 = Debug|x64
		{6CA5430F-93CF-4933-9D3A-3B5D1596ADFF}.Debug|x64.ActiveCfg = Debug|x64
		{6CA5430F-93CF-4933-9D3A-3B5D1596ADFF}.Debug|x64.Build.0 = Debug|x64
		{6CA5430F-93CF-4933-9D3A-3B5D1596ADFF}.Debug|x86.ActiveCfg = Debug|x64
		{6CA5430F-93CF-4933-9D3A-3B5D1596ADFF}.Debug|x86.Build.0 = Debug|x64
		{6CA5430F-93CF-4933-9D3A-3B5D1596ADFF}.Release|Any CPU.ActiveCfg = Release|x64
		{6CA5430F-93CF-4933-9D3A-3B5D1596ADFF}.Release|Any CPU.Build.0 = Release|x64
		{6CA5430F-93CF-4933-9D3A-3B5D1596ADFF}.Release|x64.ActiveCfg = Release|x64
		{6CA5430F-93CF-4933-9D3A-3B5D1596ADFF}.Release|x64.Build.0 = Release|x64
		{6CA5430F-93CF-4933-9D3A-3B5D1596ADFF}.Release|x86.ActiveCfg = Release|x64
		{6CA5430F-93CF-4933-9D3A-3B5D1596ADFF}.Release|x86.Build.0 = Release|x64
		{6805723A-4FC7-4655-A389-B1CB8517E80D}.Debug|Any CPU.ActiveCfg = Release|x64
		{6805723A-4FC7-4655-A389-B1CB8517E80D}.Debug|Any CPU.Build.0 = Release|x64
		{6805723A-4FC7-4655-A389-B1CB8517E80D}.Debug|x64.ActiveCfg = Release|x64
		{6805723A-4FC7-4655-A389-B1CB8517E80D}.Debug|x64.Build.0 = Release|x64
		{6805723A-4FC7-4655-A389-B1CB8517E80D}.Debug|x86.ActiveCfg = Release|x64
		{6805723A-4FC7-4655-A389-B1CB8517E80D}.Debug|x86.Build.0 = Release|x64
		{6805723A-4FC7-4655-A389-B1CB8517E80D}.Release|Any CPU.ActiveCfg = Release|x64
		{6805723A-4FC7-4655-A389-B1CB8517E80D}.Release|Any CPU.Build.0 = Release|x64
		{6805723A-4FC7-4655-A389-B1CB8517E80D}.Release|x64.ActiveCfg = Release|x64
		{6805723A-4FC7-4655-A389-B1CB8517E80D}.Release|x64.Build.0 = Release|x64
		{6805723A-4FC7-4655-A389-B1CB8517E80D}.Release|x86.ActiveCfg = Release|x64
		{6805723A-4FC7-4655-A389-B1CB8517E80D}.Release|x86.Build.0 = Release|x64
		{A924C778-C6C3-48E7-A32D-D2AFB5A0AC4F}.Debug|Any CPU.ActiveCfg = Debug|x64
		{A924C778-C6C3-48E7-A32D-D2AFB5A0AC4F}.Debug|Any CPU.Build.0 = Debug|x64
		{A924C778-C6C3-48E7-A32D-D2AFB5A0AC4F}.Debug|x64.ActiveCfg = Debug|x64
		{A924C778-C6C3-48E7-A32D-D2AFB5A0AC4F}.Debug|x64.Build.0 = Debug|x64
		{A924C778-C6C3-48E7-A32D-D2AFB5A0AC4F}.Debug|x86.ActiveCfg = Debug|Win32
		{A924C778-C6C3-48E7-A32D-D2AFB5A0AC4F}.Debug|x86.Build.0 = Debug|Win32
		{A924C778-C6C3-48E7-A32D-D2AFB5A0AC4F}.Release|Any CPU.ActiveCfg = Release|x64
		{A924C778-C6C3-48E7-A32D-D2AFB5A0AC4F}.Release|Any CPU.Build.0 = Release|x64
		{A924C778-C6C3-48E7-A32D-D2AFB5A0AC4F}.Release|x64.ActiveCfg = Release|x64
		{A924C778-C6C3-48E7-A32D-D2AFB5A0AC4F}.Release|x64.Build.0 = Release|x64
		{A924C778-C6C3-48E7-A32D-D2AFB5A0AC4F}.Release|x86.ActiveCfg = Release|Win32
		{A924C778-C6C3-48E7-A32D-D2AFB5A0AC4F}.Release|x86.Build.0 = Release|Win32
		{C0C5736F-9D29-470A-BE6F-8DDB189A3D1B}.Debug|Any CPU.ActiveCfg = Debug|x64
		{C0C5736F-9D29-470A-BE6F-8DDB189A3D1B}.Debug|Any CPU.Build.0 = Debug|x64
		{C0C5736F-9D29-470A-BE6F-8DDB189A3D1B}.Debug|x64.ActiveCfg = Debug|x64
		{C0C5736F-9D29-470A-BE6F-8DDB189A3D1B}.Debug|x64.Build.0 = Debug|x64
		{C0C5736F-9D29-470A-BE6F-8DDB189A3D1B}.Debug|x86.ActiveCfg = Debug|Win32
		{C0C5736F-9D29-470A-BE6F-8DDB189A3D1B}.Debug|x86.Build.0 = Debug|Win32
		{C0C5736F-9D29-470A-BE6F-8DDB189A3D1B}.Release|Any CPU.ActiveCfg = Release|x64
		{C0C5736F-9D29-470A-BE6F-8DDB189A3D1B}.Release|Any CPU.Build.0 = Release|x64
		{C0C5736F-9D29-470A-BE6F-8DDB189A3D1B}.Release|x64.ActiveCfg = Release|x64
		{C0C5736F-9D29-470A-BE6F-8DDB189A3D1B}.Release|x64.Build.0 = Release|x64
		{C0C5736F-9D29-470A-BE6F-8DDB189A3D1B}.Release|x86.ActiveCfg = Release|Win32
		{C0C5736F-9D29-470A-BE6F-8DDB189A3D1B}.Release|x86.Build.0 = Release|Win32
		{A64F2A86-3B31-406C-81FC-ADC7D5891688}.Debug|Any CPU.ActiveCfg = Debug|Any CPU
		{A64F2A86-3B31-406C-81FC-ADC7D5891688}.Debug|Any CPU.Build.0 = Debug|Any CPU
		{A64F2A86-3B31-406C-81FC-ADC7D5891688}.Debug|x64.ActiveCfg = Debug|Any CPU
		{A64F2A86-3B31-406C-81FC-ADC7D5891688}.Debug|x64.Build.0 = Debug|Any CPU
		{A64F2A86-3B31-406C-81FC-ADC7D5891688}.Debug|x86.ActiveCfg = Debug|Any CPU
		{A64F2A86-3B31-406C-81FC-ADC7D5891688}.Debug|x86.Build.0 = Debug|Any CPU
		{A64F2A86-3B31-406C-81FC-ADC7D5891688}.Release|Any CPU.ActiveCfg = Release|Any CPU
		{A64F2A86-3B31-406C-81FC-ADC7D5891688}.Release|Any CPU.Build.0 = Release|Any CPU
		{A64F2A86-3B31-406C-81FC-ADC7D5891688}.Release|x64.ActiveCfg = Release|Any CPU
		{A64F2A86-3B31-406C-81FC-ADC7D5891688}.Release|x64.Build.0 = Release|Any CPU
		{A64F2A86-3B31-406C-81FC-ADC7D5891688}.Release|x86.ActiveCfg = Release|Any CPU
		{A64F2A86-3B31-406C-81FC-ADC7D5891688}.Release|x86.Build.0 = Release|Any CPU
		{B4399166-D74C-4169-916E-48C5100C3DE5}.Debug|Any CPU.ActiveCfg = Release|x64
		{B4399166-D74C-4169-916E-48C5100C3DE5}.Debug|Any CPU.Build.0 = Release|x64
		{B4399166-D74C-4169-916E-48C5100C3DE5}.Debug|x64.ActiveCfg = Release|x64
		{B4399166-D74C-4169-916E-48C5100C3DE5}.Debug|x64.Build.0 = Release|x64
		{B4399166-D74C-4169-916E-48C5100C3DE5}.Debug|x86.ActiveCfg = Release|x64
		{B4399166-D74C-4169-916E-48C5100C3DE5}.Debug|x86.Build.0 = Release|x64
		{B4399166-D74C-4169-916E-48C5100C3DE5}.Release|Any CPU.ActiveCfg = Release|x64
		{B4399166-D74C-4169-916E-48C5100C3DE5}.Release|Any CPU.Build.0 = Release|x64
		{B4399166-D74C-4169-916E-48C5100C3DE5}.Release|x64.ActiveCfg = Release|x64
		{B4399166-D74C-4169-916E-48C5100C3DE5}.Release|x64.Build.0 = Release|x64
		{B4399166-D74C-4169-916E-48C5100C3DE5}.Release|x86.ActiveCfg = Release|x64
		{B4399166-D74C-4169-916E-48C5100C3DE5}.Release|x86.Build.0 = Release|x64
		{12735E36-9859-4C02-B754-3A756FD1CD62}.Debug|Any CPU.ActiveCfg = Debug|x64
		{12735E36-9859-4C02-B754-3A756FD1CD62}.Debug|Any CPU.Build.0 = Debug|x64
		{12735E36-9859-4C02-B754-3A756FD1CD62}.Debug|x64.ActiveCfg = Debug|x64
		{12735E36-9859-4C02-B754-3A756FD1CD62}.Debug|x64.Build.0 = Debug|x64
		{12735E36-9859-4C02-B754-3A756FD1CD62}.Debug|x86.ActiveCfg = Debug|x64
		{12735E36-9859-4C02-B754-3A756FD1CD62}.Debug|x86.Build.0 = Debug|x64
		{12735E36-9859-4C02-B754-3A756FD1CD62}.Release|Any CPU.ActiveCfg = Release|x64
		{12735E36-9859-4C02-B754-3A756FD1CD62}.Release|Any CPU.Build.0 = Release|x64
		{12735E36-9859-4C02-B754-3A756FD1CD62}.Release|x64.ActiveCfg = Release|x64
		{12735E36-9859-4C02-B754-3A756FD1CD62}.Release|x64.Build.0 = Release|x64
		{12735E36-9859-4C02-B754-3A756FD1CD62}.Release|x86.ActiveCfg = Release|x64
		{12735E36-9859-4C02-B754-3A756FD1CD62}.Release|x86.Build.0 = Release|x64
		{A5F8FDB5-C3A6-47E0-9337-7FB67444F513}.Debug|Any CPU.ActiveCfg = Release|x64
		{A5F8FDB5-C3A6-47E0-9337-7FB67444F513}.Debug|Any CPU.Build.0 = Release|x64
		{A5F8FDB5-C3A6-47E0-9337-7FB67444F513}.Debug|x64.ActiveCfg = Release|x64
		{A5F8FDB5-C3A6-47E0-9337-7FB67444F513}.Debug|x64.Build.0 = Release|x64
		{A5F8FDB5-C3A6-47E0-9337-7FB67444F513}.Debug|x86.ActiveCfg = Release|x64
		{A5F8FDB5-C3A6-47E0-9337-7FB67444F513}.Debug|x86.Build.0 = Release|x64
		{A5F8FDB5-C3A6-47E0-9337-7FB67444F513}.Release|Any CPU.ActiveCfg = Release|x64
		{A5F8FDB5-C3A6-47E0-9337-7FB67444F513}.Release|Any CPU.Build.0 = Release|x64
		{A5F8FDB5-C3A6-47E0-9337-7FB67444F513}.Release|x64.ActiveCfg = Release|x64
		{A5F8FDB5-C3A6-47E0-9337-7FB67444F513}.Release|x64.Build.0 = Release|x64
		{A5F8FDB5-C3A6-47E0-9337-7FB67444F513}.Release|x86.ActiveCfg = Release|x64
		{A5F8FDB5-C3A6-47E0-9337-7FB67444F513}.Release|x86.Build.0 = Release|x64
		{94CAAE70-D62B-4E71-9276-D5EECEA912C8}.Debug|Any CPU.ActiveCfg = Debug|Any CPU
		{94CAAE70-D62B-4E71-9276-D5EECEA912C8}.Debug|Any CPU.Build.0 = Debug|Any CPU
		{94CAAE70-D62B-4E71-9276-D5EECEA912C8}.Debug|x64.ActiveCfg = Debug|Any CPU
		{94CAAE70-D62B-4E71-9276-D5EECEA912C8}.Debug|x64.Build.0 = Debug|Any CPU
		{94CAAE70-D62B-4E71-9276-D5EECEA912C8}.Debug|x86.ActiveCfg = Debug|Any CPU
		{94CAAE70-D62B-4E71-9276-D5EECEA912C8}.Debug|x86.Build.0 = Debug|Any CPU
		{94CAAE70-D62B-4E71-9276-D5EECEA912C8}.Release|Any CPU.ActiveCfg = Release|Any CPU
		{94CAAE70-D62B-4E71-9276-D5EECEA912C8}.Release|Any CPU.Build.0 = Release|Any CPU
		{94CAAE70-D62B-4E71-9276-D5EECEA912C8}.Release|x64.ActiveCfg = Release|Any CPU
		{94CAAE70-D62B-4E71-9276-D5EECEA912C8}.Release|x64.Build.0 = Release|Any CPU
		{94CAAE70-D62B-4E71-9276-D5EECEA912C8}.Release|x86.ActiveCfg = Release|Any CPU
		{94CAAE70-D62B-4E71-9276-D5EECEA912C8}.Release|x86.Build.0 = Release|Any CPU
	EndGlobalSection
	GlobalSection(SolutionProperties) = preSolution
		HideSolutionNode = FALSE
	EndGlobalSection
	GlobalSection(ExtensibilityGlobals) = postSolution
		SolutionGuid = {FD471313-7B72-488A-A1BE-643A0CEB9171}
	EndGlobalSection
EndGlobal
